// !$*UTF8*$!
{
	archiveVersion = 1;
	classes = {
	};
	objectVersion = 46;
	objects = {

/* Begin PBXBuildFile section */
		760E18122B9B51E3F7FB8B96 /* libPods-xsports.a in Frameworks */ = {isa = PBXBuildFile; fileRef = 378009332D2FB93EAFF7632A /* libPods-xsports.a */; };
		9C02EA0C1A3A706F00FA1631 /* LoadingViewController.m in Sources */ = {isa = PBXBuildFile; fileRef = 9C02EA0B1A3A706F00FA1631 /* LoadingViewController.m */; };
		9C02EA0F1A3A793500FA1631 /* UIImage+XS.m in Sources */ = {isa = PBXBuildFile; fileRef = 9C02EA0E1A3A793500FA1631 /* UIImage+XS.m */; };
		9C02EA121A3A7A0300FA1631 /* UIView+XS.m in Sources */ = {isa = PBXBuildFile; fileRef = 9C02EA111A3A7A0300FA1631 /* UIView+XS.m */; };
		9C06BEEB1A4D2B32008430B9 /* MediaPlayer.framework in Frameworks */ = {isa = PBXBuildFile; fileRef = 9C06BEEA1A4D2B32008430B9 /* MediaPlayer.framework */; };
		9C0774501A564D0300723971 /* ELCAssetsCollectionHeaderCell.m in Sources */ = {isa = PBXBuildFile; fileRef = 9C07744F1A564D0300723971 /* ELCAssetsCollectionHeaderCell.m */; };
		9C09285F1A3FFEE5001340F2 /* FeedViewPhotoCell.xib in Resources */ = {isa = PBXBuildFile; fileRef = 9CF88D401A3FBCE400D4E72E /* FeedViewPhotoCell.xib */; };
		9C0928611A4000E5001340F2 /* FeedViewVideoCell.xib in Resources */ = {isa = PBXBuildFile; fileRef = 9C0928601A4000E5001340F2 /* FeedViewVideoCell.xib */; };
		9C0928641A400C8C001340F2 /* FeedViewVideoCell.m in Sources */ = {isa = PBXBuildFile; fileRef = 9C0928631A400C8C001340F2 /* FeedViewVideoCell.m */; };
		9C0928671A40173B001340F2 /* AVPlayerView.m in Sources */ = {isa = PBXBuildFile; fileRef = 9C0928661A40173B001340F2 /* AVPlayerView.m */; };
		9C0928691A401D50001340F2 /* AVFoundation.framework in Frameworks */ = {isa = PBXBuildFile; fileRef = 9C0928681A401D50001340F2 /* AVFoundation.framework */; };
		9C09286B1A401D5E001340F2 /* AssetsLibrary.framework in Frameworks */ = {isa = PBXBuildFile; fileRef = 9C09286A1A401D5E001340F2 /* AssetsLibrary.framework */; };
		9C11A45F1A45E50200A9E4CD /* CommentsViewController.m in Sources */ = {isa = PBXBuildFile; fileRef = 9C11A45E1A45E50200A9E4CD /* CommentsViewController.m */; };
		9C11A4621A45E54D00A9E4CD /* CommentsCell.m in Sources */ = {isa = PBXBuildFile; fileRef = 9C11A4611A45E54D00A9E4CD /* CommentsCell.m */; };
		9C11A4641A45F08400A9E4CD /* CommentsCell.xib in Resources */ = {isa = PBXBuildFile; fileRef = 9C11A4631A45F08400A9E4CD /* CommentsCell.xib */; };
		9C1EE3461A4B2085007372BD /* Microsoft-YaHei.ttf in Resources */ = {isa = PBXBuildFile; fileRef = 9C1EE3451A4B2085007372BD /* Microsoft-YaHei.ttf */; };
		9C1EE3491A4B268F007372BD /* SignUpViewController.m in Sources */ = {isa = PBXBuildFile; fileRef = 9C1EE3481A4B268F007372BD /* SignUpViewController.m */; };
		9C3428561A455D9D0021AB2B /* PageNavigationController.m in Sources */ = {isa = PBXBuildFile; fileRef = 9C3428551A455D9D0021AB2B /* PageNavigationController.m */; };
		9C3428591A455F940021AB2B /* LikesViewController.m in Sources */ = {isa = PBXBuildFile; fileRef = 9C3428581A455F940021AB2B /* LikesViewController.m */; };
		9C34285C1A4560800021AB2B /* LikesCell.m in Sources */ = {isa = PBXBuildFile; fileRef = 9C34285B1A4560800021AB2B /* LikesCell.m */; };
		9C3C48201A50715600BABAED /* AVPlayerManager.m in Sources */ = {isa = PBXBuildFile; fileRef = 9C3C481F1A50715600BABAED /* AVPlayerManager.m */; };
		9C44C62A1A3C2041002CB86B /* MenuViewCell.m in Sources */ = {isa = PBXBuildFile; fileRef = 9C44C6291A3C2041002CB86B /* MenuViewCell.m */; };
		9C4B94F01A41697900DFCC7F /* FeedViewGridPhotoCell.m in Sources */ = {isa = PBXBuildFile; fileRef = 9C4B94EE1A41697900DFCC7F /* FeedViewGridPhotoCell.m */; };
		9C4B94F11A41697900DFCC7F /* FeedViewGridPhotoCell.xib in Resources */ = {isa = PBXBuildFile; fileRef = 9C4B94EF1A41697900DFCC7F /* FeedViewGridPhotoCell.xib */; };
		9C4B94F41A416D1B00DFCC7F /* GridLayout.m in Sources */ = {isa = PBXBuildFile; fileRef = 9C4B94F31A416D1B00DFCC7F /* GridLayout.m */; };
		9C4B94F81A425FFC00DFCC7F /* FeedViewGridVideoCell.m in Sources */ = {isa = PBXBuildFile; fileRef = 9C4B94F61A425FFC00DFCC7F /* FeedViewGridVideoCell.m */; };
		9C4B94F91A425FFC00DFCC7F /* FeedViewGridVideoCell.xib in Resources */ = {isa = PBXBuildFile; fileRef = 9C4B94F71A425FFC00DFCC7F /* FeedViewGridVideoCell.xib */; };
		9C4B94FC1A4292DD00DFCC7F /* FeedFlowCollectionViewController.m in Sources */ = {isa = PBXBuildFile; fileRef = 9C4B94FB1A4292DD00DFCC7F /* FeedFlowCollectionViewController.m */; };
		9C4B94FF1A4292EE00DFCC7F /* FeedGridCollectionViewController.m in Sources */ = {isa = PBXBuildFile; fileRef = 9C4B94FE1A4292EE00DFCC7F /* FeedGridCollectionViewController.m */; };
		9C54EF3C1A39EECA00D16EEE /* LoginViewController.m in Sources */ = {isa = PBXBuildFile; fileRef = 9C54EF3B1A39EECA00D16EEE /* LoginViewController.m */; };
		9C54EF491A39F11A00D16EEE /* XSConstants.m in Sources */ = {isa = PBXBuildFile; fileRef = 9C54EF481A39F11A00D16EEE /* XSConstants.m */; };
		9C54EF4D1A3A255C00D16EEE /* LoginEmailCell.m in Sources */ = {isa = PBXBuildFile; fileRef = 9C54EF4C1A3A255C00D16EEE /* LoginEmailCell.m */; };
		9C54EF501A3A260900D16EEE /* LoginPasswordCell.m in Sources */ = {isa = PBXBuildFile; fileRef = 9C54EF4F1A3A260900D16EEE /* LoginPasswordCell.m */; };
		9C54EF531A3A3B6000D16EEE /* UIScreen+XS.m in Sources */ = {isa = PBXBuildFile; fileRef = 9C54EF521A3A3B6000D16EEE /* UIScreen+XS.m */; };
		9C54EF561A3A457000D16EEE /* NSPredicate+XS.m in Sources */ = {isa = PBXBuildFile; fileRef = 9C54EF551A3A457000D16EEE /* NSPredicate+XS.m */; };
		9C5BD0D91A4B281800B7B426 /* SignupAccountCell.m in Sources */ = {isa = PBXBuildFile; fileRef = 9C5BD0D81A4B281800B7B426 /* SignupAccountCell.m */; };
		9C6B21E91A397BB100FE8B43 /* Images.xcassets in Resources */ = {isa = PBXBuildFile; fileRef = 9C6B21E81A397BB100FE8B43 /* Images.xcassets */; };
		9C6B21EC1A39812D00FE8B43 /* UIFont+XS.m in Sources */ = {isa = PBXBuildFile; fileRef = 9C6B21EB1A39812D00FE8B43 /* UIFont+XS.m */; };
		9C7375FC1A566B0E00FC57B6 /* CamCaptureAssetsAnimator.m in Sources */ = {isa = PBXBuildFile; fileRef = 9C7375FB1A566B0E00FC57B6 /* CamCaptureAssetsAnimator.m */; };
		9C7DEBB21A396E6B00A0436E /* main.m in Sources */ = {isa = PBXBuildFile; fileRef = 9C7DEBB11A396E6B00A0436E /* main.m */; };
		9C7DEBB51A396E6B00A0436E /* AppDelegate.m in Sources */ = {isa = PBXBuildFile; fileRef = 9C7DEBB41A396E6B00A0436E /* AppDelegate.m */; };
		9C7DEBBB1A396E6B00A0436E /* Main.storyboard in Resources */ = {isa = PBXBuildFile; fileRef = 9C7DEBB91A396E6B00A0436E /* Main.storyboard */; };
		9C7DEBC01A396E6B00A0436E /* LaunchScreen.xib in Resources */ = {isa = PBXBuildFile; fileRef = 9C7DEBBE1A396E6B00A0436E /* LaunchScreen.xib */; };
		9C7DEBCC1A396E6B00A0436E /* xsportsTests.m in Sources */ = {isa = PBXBuildFile; fileRef = 9C7DEBCB1A396E6B00A0436E /* xsportsTests.m */; };
		9C7ED1231A3B89B4007AB927 /* SlidingViewController.m in Sources */ = {isa = PBXBuildFile; fileRef = 9C7ED1221A3B89B4007AB927 /* SlidingViewController.m */; };
		9C7ED1261A3B8AD0007AB927 /* MenuViewController.m in Sources */ = {isa = PBXBuildFile; fileRef = 9C7ED1251A3B8AD0007AB927 /* MenuViewController.m */; };
		9C7ED1291A3BA13C007AB927 /* FeedViewController.m in Sources */ = {isa = PBXBuildFile; fileRef = 9C7ED1281A3BA13C007AB927 /* FeedViewController.m */; };
		9C835CDB1A3AC47100A75B91 /* QuartzCore.framework in Frameworks */ = {isa = PBXBuildFile; fileRef = 9C835CDA1A3AC47100A75B91 /* QuartzCore.framework */; };
		9C8A449A1A59170C002C8CA2 /* User.storyboard in Resources */ = {isa = PBXBuildFile; fileRef = 9C8A44991A59170C002C8CA2 /* User.storyboard */; };
		9C8A449E1A591B7F002C8CA2 /* UserProfileViewController.m in Sources */ = {isa = PBXBuildFile; fileRef = 9C8A449D1A591B7F002C8CA2 /* UserProfileViewController.m */; };
		9C8A44A21A591EA6002C8CA2 /* UserProfileToolSectionHeader.m in Sources */ = {isa = PBXBuildFile; fileRef = 9C8A44A11A591EA6002C8CA2 /* UserProfileToolSectionHeader.m */; };
		9C96E4991A521EBE00C5701D /* Popover.storyboard in Resources */ = {isa = PBXBuildFile; fileRef = 9C96E4981A521EBE00C5701D /* Popover.storyboard */; };
		9C96E49B1A521EE200C5701D /* Login.storyboard in Resources */ = {isa = PBXBuildFile; fileRef = 9C96E49A1A521EE200C5701D /* Login.storyboard */; };
		9C96E49D1A521F2900C5701D /* Cam.storyboard in Resources */ = {isa = PBXBuildFile; fileRef = 9C96E49C1A521F2900C5701D /* Cam.storyboard */; };
		9C96E4A01A52204300C5701D /* FeedPopoverContentViewController.m in Sources */ = {isa = PBXBuildFile; fileRef = 9C96E49F1A52204300C5701D /* FeedPopoverContentViewController.m */; };
		9C96E4B21A5221A700C5701D /* FeedPopoverContentCell.m in Sources */ = {isa = PBXBuildFile; fileRef = 9C96E4B11A5221A700C5701D /* FeedPopoverContentCell.m */; };
		9C9862FA1A39753F003D5F86 /* UIColor+XS.m in Sources */ = {isa = PBXBuildFile; fileRef = 9C9862F91A39753F003D5F86 /* UIColor+XS.m */; };
		9CBC8AB91A47777E006F00A3 /* AVCamPreviewView.m in Sources */ = {isa = PBXBuildFile; fileRef = 9CBC8AB81A47777E006F00A3 /* AVCamPreviewView.m */; };
		9CBC8ABC1A477793006F00A3 /* CamViewController.m in Sources */ = {isa = PBXBuildFile; fileRef = 9CBC8ABB1A477793006F00A3 /* CamViewController.m */; };
		9CBC8ABF1A47C32C006F00A3 /* CamNavigationController.m in Sources */ = {isa = PBXBuildFile; fileRef = 9CBC8ABE1A47C32C006F00A3 /* CamNavigationController.m */; };
		9CBC8AC21A48077B006F00A3 /* CamScrollView.m in Sources */ = {isa = PBXBuildFile; fileRef = 9CBC8AC11A48077B006F00A3 /* CamScrollView.m */; };
		9CBCE71C1A3CC56200C9BD35 /* MEDynamicTransition.m in Sources */ = {isa = PBXBuildFile; fileRef = 9CBCE7151A3CC56200C9BD35 /* MEDynamicTransition.m */; };
		9CBCE71D1A3CC56200C9BD35 /* MEFoldAnimationController.m in Sources */ = {isa = PBXBuildFile; fileRef = 9CBCE7171A3CC56200C9BD35 /* MEFoldAnimationController.m */; };
		9CBCE71F1A3CC56200C9BD35 /* MEZoomAnimationController.m in Sources */ = {isa = PBXBuildFile; fileRef = 9CBCE71B1A3CC56200C9BD35 /* MEZoomAnimationController.m */; };
		9CBCE7221A3CCFF700C9BD35 /* SettingViewController.m in Sources */ = {isa = PBXBuildFile; fileRef = 9CBCE7211A3CCFF700C9BD35 /* SettingViewController.m */; };
		9CBCE7251A3CD0B900C9BD35 /* UINavigationController+XS.m in Sources */ = {isa = PBXBuildFile; fileRef = 9CBCE7241A3CD0B900C9BD35 /* UINavigationController+XS.m */; };
		9CBCE7281A3D7B9B00C9BD35 /* FeedViewPhotoCell.m in Sources */ = {isa = PBXBuildFile; fileRef = 9CBCE7271A3D7B9B00C9BD35 /* FeedViewPhotoCell.m */; };
		9CBCE72C1A3E2A0200C9BD35 /* InstagramServices.m in Sources */ = {isa = PBXBuildFile; fileRef = 9CBCE72B1A3E2A0200C9BD35 /* InstagramServices.m */; };
		9CBCE72F1A3E2EF100C9BD35 /* User.m in Sources */ = {isa = PBXBuildFile; fileRef = 9CBCE72E1A3E2EF100C9BD35 /* User.m */; };
		9CBCE7321A3E2F5000C9BD35 /* Media.m in Sources */ = {isa = PBXBuildFile; fileRef = 9CBCE7311A3E2F5000C9BD35 /* Media.m */; };
		9CBCE7371A3E381B00C9BD35 /* instagram.txt in Resources */ = {isa = PBXBuildFile; fileRef = 9CBCE7361A3E381B00C9BD35 /* instagram.txt */; };
		9CBCE74E1A3ECD9000C9BD35 /* SourceSansPro-Black.otf in Resources */ = {isa = PBXBuildFile; fileRef = 9CBCE7421A3ECD9000C9BD35 /* SourceSansPro-Black.otf */; };
		9CBCE7501A3ECD9000C9BD35 /* SourceSansPro-Bold.otf in Resources */ = {isa = PBXBuildFile; fileRef = 9CBCE7441A3ECD9000C9BD35 /* SourceSansPro-Bold.otf */; };
		9CBCE7521A3ECD9000C9BD35 /* SourceSansPro-ExtraLight.otf in Resources */ = {isa = PBXBuildFile; fileRef = 9CBCE7461A3ECD9000C9BD35 /* SourceSansPro-ExtraLight.otf */; };
		9CBCE7551A3ECD9000C9BD35 /* SourceSansPro-Light.otf in Resources */ = {isa = PBXBuildFile; fileRef = 9CBCE7491A3ECD9000C9BD35 /* SourceSansPro-Light.otf */; };
		9CBCE7571A3ECD9000C9BD35 /* SourceSansPro-Regular.otf in Resources */ = {isa = PBXBuildFile; fileRef = 9CBCE74B1A3ECD9000C9BD35 /* SourceSansPro-Regular.otf */; };
		9CBCE7581A3ECD9000C9BD35 /* SourceSansPro-Semibold.otf in Resources */ = {isa = PBXBuildFile; fileRef = 9CBCE74C1A3ECD9000C9BD35 /* SourceSansPro-Semibold.otf */; };
		9CCC75771A45488F00F9EE3D /* LoadingAnimator.m in Sources */ = {isa = PBXBuildFile; fileRef = 9CCC75741A45488F00F9EE3D /* LoadingAnimator.m */; };
		9CCC75781A45488F00F9EE3D /* SlidingAndFadingAnimator.m in Sources */ = {isa = PBXBuildFile; fileRef = 9CCC75761A45488F00F9EE3D /* SlidingAndFadingAnimator.m */; };
		9CCF45DC1A3A5A2300FB1A94 /* UIViewController+XS.m in Sources */ = {isa = PBXBuildFile; fileRef = 9CCF45DB1A3A5A2300FB1A94 /* UIViewController+XS.m */; };
		9CCF5AA31A4BD5F7001B9029 /* FadingInOutAnimiator.m in Sources */ = {isa = PBXBuildFile; fileRef = 9CCF5AA21A4BD5F7001B9029 /* FadingInOutAnimiator.m */; };
		9CCF5AA61A4BDF12001B9029 /* SCLocalizable.m in Sources */ = {isa = PBXBuildFile; fileRef = 9CCF5AA51A4BDF12001B9029 /* SCLocalizable.m */; };
		9CCF5AC01A4BE487001B9029 /* Localizable.strings in Resources */ = {isa = PBXBuildFile; fileRef = 9CCF5AC21A4BE487001B9029 /* Localizable.strings */; };
		9CCF5AC81A4BE99E001B9029 /* SinkingAndSlidingAnimator.m in Sources */ = {isa = PBXBuildFile; fileRef = 9CCF5AC71A4BE99E001B9029 /* SinkingAndSlidingAnimator.m */; };
		9CD4E32E1A4A33B50062A2F3 /* ProgressView.m in Sources */ = {isa = PBXBuildFile; fileRef = 9CD4E32D1A4A33B50062A2F3 /* ProgressView.m */; };
		9CDC97831A55BDCC0021F9A6 /* AssetsPickerOverlayViewController.m in Sources */ = {isa = PBXBuildFile; fileRef = 9CDC97821A55BDCC0021F9A6 /* AssetsPickerOverlayViewController.m */; };
		9CDC97A31A55C8D00021F9A6 /* ELCAlbumPickerController.m in Sources */ = {isa = PBXBuildFile; fileRef = 9CDC978D1A55C8D00021F9A6 /* ELCAlbumPickerController.m */; };
		9CDC97A41A55C8D00021F9A6 /* ELCAsset.m in Sources */ = {isa = PBXBuildFile; fileRef = 9CDC978F1A55C8D00021F9A6 /* ELCAsset.m */; };
		9CDC97B41A55CD880021F9A6 /* ELCAlbumCell.m in Sources */ = {isa = PBXBuildFile; fileRef = 9CDC97B31A55CD880021F9A6 /* ELCAlbumCell.m */; };
		9CDC97B71A562C410021F9A6 /* ELCAssetsCollectionViewController.m in Sources */ = {isa = PBXBuildFile; fileRef = 9CDC97B61A562C410021F9A6 /* ELCAssetsCollectionViewController.m */; };
		9CDC97BD1A562C9F0021F9A6 /* ELCAssetsCollectionCell.m in Sources */ = {isa = PBXBuildFile; fileRef = 9CDC97BC1A562C9F0021F9A6 /* ELCAssetsCollectionCell.m */; };
		9CDDDE3A1A49373C00144DB8 /* CamFilterViewController.m in Sources */ = {isa = PBXBuildFile; fileRef = 9CDDDE391A49373C00144DB8 /* CamFilterViewController.m */; };
		9CDDDE3D1A493DFC00144DB8 /* AssetsPickerViewController.m in Sources */ = {isa = PBXBuildFile; fileRef = 9CDDDE3C1A493DFC00144DB8 /* AssetsPickerViewController.m */; };
		9CE4F0901A46987E005EB73C /* CommentsTextViewController.m in Sources */ = {isa = PBXBuildFile; fileRef = 9CE4F08F1A46987E005EB73C /* CommentsTextViewController.m */; };
		9CF19E681A53A2D300908553 /* CamCaptureViewController.m in Sources */ = {isa = PBXBuildFile; fileRef = 9CF19E671A53A2D300908553 /* CamCaptureViewController.m */; };
		9CF19E6E1A53BF1800908553 /* CamCaptureOverlayViewController.m in Sources */ = {isa = PBXBuildFile; fileRef = 9CF19E6D1A53BF1800908553 /* CamCaptureOverlayViewController.m */; };
		9CF19E711A53CC5D00908553 /* CamCurtainViewController.m in Sources */ = {isa = PBXBuildFile; fileRef = 9CF19E701A53CC5D00908553 /* CamCurtainViewController.m */; };
		9CF19E741A53D3E500908553 /* CamCaptureModeViewController.m in Sources */ = {isa = PBXBuildFile; fileRef = 9CF19E731A53D3E500908553 /* CamCaptureModeViewController.m */; };
		9CF88D441A3FC3F300D4E72E /* JSONValueTransformer+XS.m in Sources */ = {isa = PBXBuildFile; fileRef = 9CF88D431A3FC3F300D4E72E /* JSONValueTransformer+XS.m */; };
		9CF88D461A3FE5ED00D4E72E /* Tasks in Resources */ = {isa = PBXBuildFile; fileRef = 9CF88D451A3FE5ED00D4E72E /* Tasks */; };
		9CF88D491A3FE6A300D4E72E /* NSDate+XS.m in Sources */ = {isa = PBXBuildFile; fileRef = 9CF88D481A3FE6A300D4E72E /* NSDate+XS.m */; };
/* End PBXBuildFile section */

/* Begin PBXContainerItemProxy section */
		9C7DEBC61A396E6B00A0436E /* PBXContainerItemProxy */ = {
			isa = PBXContainerItemProxy;
			containerPortal = 9C7DEBA41A396E6B00A0436E /* Project object */;
			proxyType = 1;
			remoteGlobalIDString = 9C7DEBAB1A396E6B00A0436E;
			remoteInfo = xsports;
		};
/* End PBXContainerItemProxy section */

/* Begin PBXFileReference section */
		1A4BB79BAD41A832D7723277 /* Pods-xsports.debug.xcconfig */ = {isa = PBXFileReference; includeInIndex = 1; lastKnownFileType = text.xcconfig; name = "Pods-xsports.debug.xcconfig"; path = "Pods/Target Support Files/Pods-xsports/Pods-xsports.debug.xcconfig"; sourceTree = "<group>"; };
		2D2912C89A0F0CA9CC13598C /* Pods-xsports.release.xcconfig */ = {isa = PBXFileReference; includeInIndex = 1; lastKnownFileType = text.xcconfig; name = "Pods-xsports.release.xcconfig"; path = "Pods/Target Support Files/Pods-xsports/Pods-xsports.release.xcconfig"; sourceTree = "<group>"; };
		378009332D2FB93EAFF7632A /* libPods-xsports.a */ = {isa = PBXFileReference; explicitFileType = archive.ar; includeInIndex = 0; path = "libPods-xsports.a"; sourceTree = BUILT_PRODUCTS_DIR; };
		9C02EA0A1A3A706F00FA1631 /* LoadingViewController.h */ = {isa = PBXFileReference; fileEncoding = 4; lastKnownFileType = sourcecode.c.h; path = LoadingViewController.h; sourceTree = "<group>"; };
		9C02EA0B1A3A706F00FA1631 /* LoadingViewController.m */ = {isa = PBXFileReference; fileEncoding = 4; lastKnownFileType = sourcecode.c.objc; path = LoadingViewController.m; sourceTree = "<group>"; };
		9C02EA0D1A3A793500FA1631 /* UIImage+XS.h */ = {isa = PBXFileReference; fileEncoding = 4; lastKnownFileType = sourcecode.c.h; path = "UIImage+XS.h"; sourceTree = "<group>"; };
		9C02EA0E1A3A793500FA1631 /* UIImage+XS.m */ = {isa = PBXFileReference; fileEncoding = 4; lastKnownFileType = sourcecode.c.objc; path = "UIImage+XS.m"; sourceTree = "<group>"; };
		9C02EA101A3A7A0300FA1631 /* UIView+XS.h */ = {isa = PBXFileReference; fileEncoding = 4; lastKnownFileType = sourcecode.c.h; path = "UIView+XS.h"; sourceTree = "<group>"; };
		9C02EA111A3A7A0300FA1631 /* UIView+XS.m */ = {isa = PBXFileReference; fileEncoding = 4; lastKnownFileType = sourcecode.c.objc; path = "UIView+XS.m"; sourceTree = "<group>"; };
		9C06BEEA1A4D2B32008430B9 /* MediaPlayer.framework */ = {isa = PBXFileReference; lastKnownFileType = wrapper.framework; name = MediaPlayer.framework; path = System/Library/Frameworks/MediaPlayer.framework; sourceTree = SDKROOT; };
		9C07744E1A564D0300723971 /* ELCAssetsCollectionHeaderCell.h */ = {isa = PBXFileReference; fileEncoding = 4; lastKnownFileType = sourcecode.c.h; path = ELCAssetsCollectionHeaderCell.h; sourceTree = "<group>"; };
		9C07744F1A564D0300723971 /* ELCAssetsCollectionHeaderCell.m */ = {isa = PBXFileReference; fileEncoding = 4; lastKnownFileType = sourcecode.c.objc; path = ELCAssetsCollectionHeaderCell.m; sourceTree = "<group>"; };
		9C0928601A4000E5001340F2 /* FeedViewVideoCell.xib */ = {isa = PBXFileReference; fileEncoding = 4; lastKnownFileType = file.xib; path = FeedViewVideoCell.xib; sourceTree = "<group>"; };
		9C0928621A400C8C001340F2 /* FeedViewVideoCell.h */ = {isa = PBXFileReference; fileEncoding = 4; lastKnownFileType = sourcecode.c.h; path = FeedViewVideoCell.h; sourceTree = "<group>"; };
		9C0928631A400C8C001340F2 /* FeedViewVideoCell.m */ = {isa = PBXFileReference; fileEncoding = 4; lastKnownFileType = sourcecode.c.objc; path = FeedViewVideoCell.m; sourceTree = "<group>"; };
		9C0928651A40173B001340F2 /* AVPlayerView.h */ = {isa = PBXFileReference; fileEncoding = 4; lastKnownFileType = sourcecode.c.h; path = AVPlayerView.h; sourceTree = "<group>"; };
		9C0928661A40173B001340F2 /* AVPlayerView.m */ = {isa = PBXFileReference; fileEncoding = 4; lastKnownFileType = sourcecode.c.objc; path = AVPlayerView.m; sourceTree = "<group>"; };
		9C0928681A401D50001340F2 /* AVFoundation.framework */ = {isa = PBXFileReference; lastKnownFileType = wrapper.framework; name = AVFoundation.framework; path = System/Library/Frameworks/AVFoundation.framework; sourceTree = SDKROOT; };
		9C09286A1A401D5E001340F2 /* AssetsLibrary.framework */ = {isa = PBXFileReference; lastKnownFileType = wrapper.framework; name = AssetsLibrary.framework; path = System/Library/Frameworks/AssetsLibrary.framework; sourceTree = SDKROOT; };
		9C11A45D1A45E50200A9E4CD /* CommentsViewController.h */ = {isa = PBXFileReference; fileEncoding = 4; lastKnownFileType = sourcecode.c.h; path = CommentsViewController.h; sourceTree = "<group>"; };
		9C11A45E1A45E50200A9E4CD /* CommentsViewController.m */ = {isa = PBXFileReference; fileEncoding = 4; lastKnownFileType = sourcecode.c.objc; path = CommentsViewController.m; sourceTree = "<group>"; };
		9C11A4601A45E54D00A9E4CD /* CommentsCell.h */ = {isa = PBXFileReference; fileEncoding = 4; lastKnownFileType = sourcecode.c.h; path = CommentsCell.h; sourceTree = "<group>"; };
		9C11A4611A45E54D00A9E4CD /* CommentsCell.m */ = {isa = PBXFileReference; fileEncoding = 4; lastKnownFileType = sourcecode.c.objc; path = CommentsCell.m; sourceTree = "<group>"; };
		9C11A4631A45F08400A9E4CD /* CommentsCell.xib */ = {isa = PBXFileReference; fileEncoding = 4; lastKnownFileType = file.xib; path = CommentsCell.xib; sourceTree = "<group>"; };
		9C1EE3451A4B2085007372BD /* Microsoft-YaHei.ttf */ = {isa = PBXFileReference; lastKnownFileType = file; path = "Microsoft-YaHei.ttf"; sourceTree = "<group>"; };
		9C1EE3471A4B268F007372BD /* SignUpViewController.h */ = {isa = PBXFileReference; fileEncoding = 4; lastKnownFileType = sourcecode.c.h; path = SignUpViewController.h; sourceTree = "<group>"; };
		9C1EE3481A4B268F007372BD /* SignUpViewController.m */ = {isa = PBXFileReference; fileEncoding = 4; lastKnownFileType = sourcecode.c.objc; path = SignUpViewController.m; sourceTree = "<group>"; };
		9C3428541A455D9D0021AB2B /* PageNavigationController.h */ = {isa = PBXFileReference; fileEncoding = 4; lastKnownFileType = sourcecode.c.h; path = PageNavigationController.h; sourceTree = "<group>"; };
		9C3428551A455D9D0021AB2B /* PageNavigationController.m */ = {isa = PBXFileReference; fileEncoding = 4; lastKnownFileType = sourcecode.c.objc; path = PageNavigationController.m; sourceTree = "<group>"; };
		9C3428571A455F940021AB2B /* LikesViewController.h */ = {isa = PBXFileReference; fileEncoding = 4; lastKnownFileType = sourcecode.c.h; path = LikesViewController.h; sourceTree = "<group>"; };
		9C3428581A455F940021AB2B /* LikesViewController.m */ = {isa = PBXFileReference; fileEncoding = 4; lastKnownFileType = sourcecode.c.objc; path = LikesViewController.m; sourceTree = "<group>"; };
		9C34285A1A4560800021AB2B /* LikesCell.h */ = {isa = PBXFileReference; fileEncoding = 4; lastKnownFileType = sourcecode.c.h; path = LikesCell.h; sourceTree = "<group>"; };
		9C34285B1A4560800021AB2B /* LikesCell.m */ = {isa = PBXFileReference; fileEncoding = 4; lastKnownFileType = sourcecode.c.objc; path = LikesCell.m; sourceTree = "<group>"; };
		9C3C481E1A50715600BABAED /* AVPlayerManager.h */ = {isa = PBXFileReference; fileEncoding = 4; lastKnownFileType = sourcecode.c.h; path = AVPlayerManager.h; sourceTree = "<group>"; };
		9C3C481F1A50715600BABAED /* AVPlayerManager.m */ = {isa = PBXFileReference; fileEncoding = 4; lastKnownFileType = sourcecode.c.objc; path = AVPlayerManager.m; sourceTree = "<group>"; };
		9C44C6281A3C2041002CB86B /* MenuViewCell.h */ = {isa = PBXFileReference; fileEncoding = 4; lastKnownFileType = sourcecode.c.h; path = MenuViewCell.h; sourceTree = "<group>"; };
		9C44C6291A3C2041002CB86B /* MenuViewCell.m */ = {isa = PBXFileReference; fileEncoding = 4; lastKnownFileType = sourcecode.c.objc; path = MenuViewCell.m; sourceTree = "<group>"; };
		9C4B94ED1A41697900DFCC7F /* FeedViewGridPhotoCell.h */ = {isa = PBXFileReference; fileEncoding = 4; lastKnownFileType = sourcecode.c.h; path = FeedViewGridPhotoCell.h; sourceTree = "<group>"; };
		9C4B94EE1A41697900DFCC7F /* FeedViewGridPhotoCell.m */ = {isa = PBXFileReference; fileEncoding = 4; lastKnownFileType = sourcecode.c.objc; path = FeedViewGridPhotoCell.m; sourceTree = "<group>"; };
		9C4B94EF1A41697900DFCC7F /* FeedViewGridPhotoCell.xib */ = {isa = PBXFileReference; fileEncoding = 4; lastKnownFileType = file.xib; path = FeedViewGridPhotoCell.xib; sourceTree = "<group>"; };
		9C4B94F21A416D1B00DFCC7F /* GridLayout.h */ = {isa = PBXFileReference; fileEncoding = 4; lastKnownFileType = sourcecode.c.h; path = GridLayout.h; sourceTree = "<group>"; };
		9C4B94F31A416D1B00DFCC7F /* GridLayout.m */ = {isa = PBXFileReference; fileEncoding = 4; lastKnownFileType = sourcecode.c.objc; path = GridLayout.m; sourceTree = "<group>"; };
		9C4B94F51A425FFC00DFCC7F /* FeedViewGridVideoCell.h */ = {isa = PBXFileReference; fileEncoding = 4; lastKnownFileType = sourcecode.c.h; path = FeedViewGridVideoCell.h; sourceTree = "<group>"; };
		9C4B94F61A425FFC00DFCC7F /* FeedViewGridVideoCell.m */ = {isa = PBXFileReference; fileEncoding = 4; lastKnownFileType = sourcecode.c.objc; path = FeedViewGridVideoCell.m; sourceTree = "<group>"; };
		9C4B94F71A425FFC00DFCC7F /* FeedViewGridVideoCell.xib */ = {isa = PBXFileReference; fileEncoding = 4; lastKnownFileType = file.xib; path = FeedViewGridVideoCell.xib; sourceTree = "<group>"; };
		9C4B94FA1A4292DD00DFCC7F /* FeedFlowCollectionViewController.h */ = {isa = PBXFileReference; fileEncoding = 4; lastKnownFileType = sourcecode.c.h; path = FeedFlowCollectionViewController.h; sourceTree = "<group>"; };
		9C4B94FB1A4292DD00DFCC7F /* FeedFlowCollectionViewController.m */ = {isa = PBXFileReference; fileEncoding = 4; lastKnownFileType = sourcecode.c.objc; path = FeedFlowCollectionViewController.m; sourceTree = "<group>"; };
		9C4B94FD1A4292EE00DFCC7F /* FeedGridCollectionViewController.h */ = {isa = PBXFileReference; fileEncoding = 4; lastKnownFileType = sourcecode.c.h; path = FeedGridCollectionViewController.h; sourceTree = "<group>"; };
		9C4B94FE1A4292EE00DFCC7F /* FeedGridCollectionViewController.m */ = {isa = PBXFileReference; fileEncoding = 4; lastKnownFileType = sourcecode.c.objc; path = FeedGridCollectionViewController.m; sourceTree = "<group>"; };
		9C54EF3A1A39EECA00D16EEE /* LoginViewController.h */ = {isa = PBXFileReference; fileEncoding = 4; lastKnownFileType = sourcecode.c.h; path = LoginViewController.h; sourceTree = "<group>"; };
		9C54EF3B1A39EECA00D16EEE /* LoginViewController.m */ = {isa = PBXFileReference; fileEncoding = 4; lastKnownFileType = sourcecode.c.objc; path = LoginViewController.m; sourceTree = "<group>"; };
		9C54EF471A39F11A00D16EEE /* XSConstants.h */ = {isa = PBXFileReference; fileEncoding = 4; lastKnownFileType = sourcecode.c.h; path = XSConstants.h; sourceTree = "<group>"; };
		9C54EF481A39F11A00D16EEE /* XSConstants.m */ = {isa = PBXFileReference; fileEncoding = 4; lastKnownFileType = sourcecode.c.objc; path = XSConstants.m; sourceTree = "<group>"; };
		9C54EF4A1A39F8BC00D16EEE /* XSports-PrefixHeader.pch */ = {isa = PBXFileReference; lastKnownFileType = sourcecode.c.h; path = "XSports-PrefixHeader.pch"; sourceTree = "<group>"; };
		9C54EF4B1A3A255C00D16EEE /* LoginEmailCell.h */ = {isa = PBXFileReference; fileEncoding = 4; lastKnownFileType = sourcecode.c.h; path = LoginEmailCell.h; sourceTree = "<group>"; };
		9C54EF4C1A3A255C00D16EEE /* LoginEmailCell.m */ = {isa = PBXFileReference; fileEncoding = 4; lastKnownFileType = sourcecode.c.objc; path = LoginEmailCell.m; sourceTree = "<group>"; };
		9C54EF4E1A3A260900D16EEE /* LoginPasswordCell.h */ = {isa = PBXFileReference; fileEncoding = 4; lastKnownFileType = sourcecode.c.h; path = LoginPasswordCell.h; sourceTree = "<group>"; };
		9C54EF4F1A3A260900D16EEE /* LoginPasswordCell.m */ = {isa = PBXFileReference; fileEncoding = 4; lastKnownFileType = sourcecode.c.objc; path = LoginPasswordCell.m; sourceTree = "<group>"; };
		9C54EF511A3A3B6000D16EEE /* UIScreen+XS.h */ = {isa = PBXFileReference; fileEncoding = 4; lastKnownFileType = sourcecode.c.h; path = "UIScreen+XS.h"; sourceTree = "<group>"; };
		9C54EF521A3A3B6000D16EEE /* UIScreen+XS.m */ = {isa = PBXFileReference; fileEncoding = 4; lastKnownFileType = sourcecode.c.objc; path = "UIScreen+XS.m"; sourceTree = "<group>"; };
		9C54EF541A3A457000D16EEE /* NSPredicate+XS.h */ = {isa = PBXFileReference; fileEncoding = 4; lastKnownFileType = sourcecode.c.h; path = "NSPredicate+XS.h"; sourceTree = "<group>"; };
		9C54EF551A3A457000D16EEE /* NSPredicate+XS.m */ = {isa = PBXFileReference; fileEncoding = 4; lastKnownFileType = sourcecode.c.objc; path = "NSPredicate+XS.m"; sourceTree = "<group>"; };
		9C5BD0D71A4B281800B7B426 /* SignupAccountCell.h */ = {isa = PBXFileReference; fileEncoding = 4; lastKnownFileType = sourcecode.c.h; path = SignupAccountCell.h; sourceTree = "<group>"; };
		9C5BD0D81A4B281800B7B426 /* SignupAccountCell.m */ = {isa = PBXFileReference; fileEncoding = 4; lastKnownFileType = sourcecode.c.objc; path = SignupAccountCell.m; sourceTree = "<group>"; };
		9C6B21E81A397BB100FE8B43 /* Images.xcassets */ = {isa = PBXFileReference; lastKnownFileType = folder.assetcatalog; path = Images.xcassets; sourceTree = "<group>"; };
		9C6B21EA1A39812D00FE8B43 /* UIFont+XS.h */ = {isa = PBXFileReference; fileEncoding = 4; lastKnownFileType = sourcecode.c.h; path = "UIFont+XS.h"; sourceTree = "<group>"; };
		9C6B21EB1A39812D00FE8B43 /* UIFont+XS.m */ = {isa = PBXFileReference; fileEncoding = 4; lastKnownFileType = sourcecode.c.objc; path = "UIFont+XS.m"; sourceTree = "<group>"; };
		9C7375FA1A566B0E00FC57B6 /* CamCaptureAssetsAnimator.h */ = {isa = PBXFileReference; fileEncoding = 4; lastKnownFileType = sourcecode.c.h; path = CamCaptureAssetsAnimator.h; sourceTree = "<group>"; };
		9C7375FB1A566B0E00FC57B6 /* CamCaptureAssetsAnimator.m */ = {isa = PBXFileReference; fileEncoding = 4; lastKnownFileType = sourcecode.c.objc; path = CamCaptureAssetsAnimator.m; sourceTree = "<group>"; };
		9C7DEBAC1A396E6B00A0436E /* xsports.app */ = {isa = PBXFileReference; explicitFileType = wrapper.application; includeInIndex = 0; path = xsports.app; sourceTree = BUILT_PRODUCTS_DIR; };
		9C7DEBB01A396E6B00A0436E /* Info.plist */ = {isa = PBXFileReference; lastKnownFileType = text.plist.xml; path = Info.plist; sourceTree = "<group>"; };
		9C7DEBB11A396E6B00A0436E /* main.m */ = {isa = PBXFileReference; lastKnownFileType = sourcecode.c.objc; path = main.m; sourceTree = "<group>"; };
		9C7DEBB31A396E6B00A0436E /* AppDelegate.h */ = {isa = PBXFileReference; lastKnownFileType = sourcecode.c.h; path = AppDelegate.h; sourceTree = "<group>"; };
		9C7DEBB41A396E6B00A0436E /* AppDelegate.m */ = {isa = PBXFileReference; lastKnownFileType = sourcecode.c.objc; path = AppDelegate.m; sourceTree = "<group>"; };
		9C7DEBBA1A396E6B00A0436E /* Base */ = {isa = PBXFileReference; lastKnownFileType = file.storyboard; name = Base; path = Base.lproj/Main.storyboard; sourceTree = "<group>"; };
		9C7DEBBF1A396E6B00A0436E /* Base */ = {isa = PBXFileReference; lastKnownFileType = file.xib; name = Base; path = Base.lproj/LaunchScreen.xib; sourceTree = "<group>"; };
		9C7DEBC51A396E6B00A0436E /* xsportsTests.xctest */ = {isa = PBXFileReference; explicitFileType = wrapper.cfbundle; includeInIndex = 0; path = xsportsTests.xctest; sourceTree = BUILT_PRODUCTS_DIR; };
		9C7DEBCA1A396E6B00A0436E /* Info.plist */ = {isa = PBXFileReference; lastKnownFileType = text.plist.xml; path = Info.plist; sourceTree = "<group>"; };
		9C7DEBCB1A396E6B00A0436E /* xsportsTests.m */ = {isa = PBXFileReference; lastKnownFileType = sourcecode.c.objc; path = xsportsTests.m; sourceTree = "<group>"; };
		9C7ED1211A3B89B4007AB927 /* SlidingViewController.h */ = {isa = PBXFileReference; fileEncoding = 4; lastKnownFileType = sourcecode.c.h; path = SlidingViewController.h; sourceTree = "<group>"; };
		9C7ED1221A3B89B4007AB927 /* SlidingViewController.m */ = {isa = PBXFileReference; fileEncoding = 4; lastKnownFileType = sourcecode.c.objc; path = SlidingViewController.m; sourceTree = "<group>"; };
		9C7ED1241A3B8AD0007AB927 /* MenuViewController.h */ = {isa = PBXFileReference; fileEncoding = 4; lastKnownFileType = sourcecode.c.h; path = MenuViewController.h; sourceTree = "<group>"; };
		9C7ED1251A3B8AD0007AB927 /* MenuViewController.m */ = {isa = PBXFileReference; fileEncoding = 4; lastKnownFileType = sourcecode.c.objc; path = MenuViewController.m; sourceTree = "<group>"; };
		9C7ED1271A3BA13C007AB927 /* FeedViewController.h */ = {isa = PBXFileReference; fileEncoding = 4; lastKnownFileType = sourcecode.c.h; path = FeedViewController.h; sourceTree = "<group>"; };
		9C7ED1281A3BA13C007AB927 /* FeedViewController.m */ = {isa = PBXFileReference; fileEncoding = 4; lastKnownFileType = sourcecode.c.objc; path = FeedViewController.m; sourceTree = "<group>"; };
		9C835CDA1A3AC47100A75B91 /* QuartzCore.framework */ = {isa = PBXFileReference; lastKnownFileType = wrapper.framework; name = QuartzCore.framework; path = System/Library/Frameworks/QuartzCore.framework; sourceTree = SDKROOT; };
		9C8A44991A59170C002C8CA2 /* User.storyboard */ = {isa = PBXFileReference; fileEncoding = 4; lastKnownFileType = file.storyboard; path = User.storyboard; sourceTree = "<group>"; };
		9C8A449C1A591B7F002C8CA2 /* UserProfileViewController.h */ = {isa = PBXFileReference; fileEncoding = 4; lastKnownFileType = sourcecode.c.h; path = UserProfileViewController.h; sourceTree = "<group>"; };
		9C8A449D1A591B7F002C8CA2 /* UserProfileViewController.m */ = {isa = PBXFileReference; fileEncoding = 4; lastKnownFileType = sourcecode.c.objc; path = UserProfileViewController.m; sourceTree = "<group>"; };
		9C8A44A01A591EA6002C8CA2 /* UserProfileToolSectionHeader.h */ = {isa = PBXFileReference; fileEncoding = 4; lastKnownFileType = sourcecode.c.h; path = UserProfileToolSectionHeader.h; sourceTree = "<group>"; };
		9C8A44A11A591EA6002C8CA2 /* UserProfileToolSectionHeader.m */ = {isa = PBXFileReference; fileEncoding = 4; lastKnownFileType = sourcecode.c.objc; path = UserProfileToolSectionHeader.m; sourceTree = "<group>"; };
		9C96E4981A521EBE00C5701D /* Popover.storyboard */ = {isa = PBXFileReference; fileEncoding = 4; lastKnownFileType = file.storyboard; path = Popover.storyboard; sourceTree = "<group>"; };
		9C96E49A1A521EE200C5701D /* Login.storyboard */ = {isa = PBXFileReference; fileEncoding = 4; lastKnownFileType = file.storyboard; path = Login.storyboard; sourceTree = "<group>"; };
		9C96E49C1A521F2900C5701D /* Cam.storyboard */ = {isa = PBXFileReference; fileEncoding = 4; lastKnownFileType = file.storyboard; path = Cam.storyboard; sourceTree = "<group>"; };
		9C96E49E1A52204300C5701D /* FeedPopoverContentViewController.h */ = {isa = PBXFileReference; fileEncoding = 4; lastKnownFileType = sourcecode.c.h; path = FeedPopoverContentViewController.h; sourceTree = "<group>"; };
		9C96E49F1A52204300C5701D /* FeedPopoverContentViewController.m */ = {isa = PBXFileReference; fileEncoding = 4; lastKnownFileType = sourcecode.c.objc; path = FeedPopoverContentViewController.m; sourceTree = "<group>"; };
		9C96E4B01A5221A700C5701D /* FeedPopoverContentCell.h */ = {isa = PBXFileReference; fileEncoding = 4; lastKnownFileType = sourcecode.c.h; path = FeedPopoverContentCell.h; sourceTree = "<group>"; };
		9C96E4B11A5221A700C5701D /* FeedPopoverContentCell.m */ = {isa = PBXFileReference; fileEncoding = 4; lastKnownFileType = sourcecode.c.objc; path = FeedPopoverContentCell.m; sourceTree = "<group>"; };
		9C9862F81A39753F003D5F86 /* UIColor+XS.h */ = {isa = PBXFileReference; fileEncoding = 4; lastKnownFileType = sourcecode.c.h; path = "UIColor+XS.h"; sourceTree = "<group>"; };
		9C9862F91A39753F003D5F86 /* UIColor+XS.m */ = {isa = PBXFileReference; fileEncoding = 4; lastKnownFileType = sourcecode.c.objc; path = "UIColor+XS.m"; sourceTree = "<group>"; };
		9CBC8AB71A47777E006F00A3 /* AVCamPreviewView.h */ = {isa = PBXFileReference; fileEncoding = 4; lastKnownFileType = sourcecode.c.h; path = AVCamPreviewView.h; sourceTree = "<group>"; };
		9CBC8AB81A47777E006F00A3 /* AVCamPreviewView.m */ = {isa = PBXFileReference; fileEncoding = 4; lastKnownFileType = sourcecode.c.objc; path = AVCamPreviewView.m; sourceTree = "<group>"; };
		9CBC8ABA1A477793006F00A3 /* CamViewController.h */ = {isa = PBXFileReference; fileEncoding = 4; lastKnownFileType = sourcecode.c.h; path = CamViewController.h; sourceTree = "<group>"; };
		9CBC8ABB1A477793006F00A3 /* CamViewController.m */ = {isa = PBXFileReference; fileEncoding = 4; lastKnownFileType = sourcecode.c.objc; path = CamViewController.m; sourceTree = "<group>"; };
		9CBC8ABD1A47C32C006F00A3 /* CamNavigationController.h */ = {isa = PBXFileReference; fileEncoding = 4; lastKnownFileType = sourcecode.c.h; path = CamNavigationController.h; sourceTree = "<group>"; };
		9CBC8ABE1A47C32C006F00A3 /* CamNavigationController.m */ = {isa = PBXFileReference; fileEncoding = 4; lastKnownFileType = sourcecode.c.objc; path = CamNavigationController.m; sourceTree = "<group>"; };
		9CBC8AC01A48077B006F00A3 /* CamScrollView.h */ = {isa = PBXFileReference; fileEncoding = 4; lastKnownFileType = sourcecode.c.h; path = CamScrollView.h; sourceTree = "<group>"; };
		9CBC8AC11A48077B006F00A3 /* CamScrollView.m */ = {isa = PBXFileReference; fileEncoding = 4; lastKnownFileType = sourcecode.c.objc; path = CamScrollView.m; sourceTree = "<group>"; };
		9CBCE7141A3CC56200C9BD35 /* MEDynamicTransition.h */ = {isa = PBXFileReference; fileEncoding = 4; lastKnownFileType = sourcecode.c.h; path = MEDynamicTransition.h; sourceTree = "<group>"; };
		9CBCE7151A3CC56200C9BD35 /* MEDynamicTransition.m */ = {isa = PBXFileReference; fileEncoding = 4; lastKnownFileType = sourcecode.c.objc; path = MEDynamicTransition.m; sourceTree = "<group>"; };
		9CBCE7161A3CC56200C9BD35 /* MEFoldAnimationController.h */ = {isa = PBXFileReference; fileEncoding = 4; lastKnownFileType = sourcecode.c.h; path = MEFoldAnimationController.h; sourceTree = "<group>"; };
		9CBCE7171A3CC56200C9BD35 /* MEFoldAnimationController.m */ = {isa = PBXFileReference; fileEncoding = 4; lastKnownFileType = sourcecode.c.objc; path = MEFoldAnimationController.m; sourceTree = "<group>"; };
		9CBCE71A1A3CC56200C9BD35 /* MEZoomAnimationController.h */ = {isa = PBXFileReference; fileEncoding = 4; lastKnownFileType = sourcecode.c.h; path = MEZoomAnimationController.h; sourceTree = "<group>"; };
		9CBCE71B1A3CC56200C9BD35 /* MEZoomAnimationController.m */ = {isa = PBXFileReference; fileEncoding = 4; lastKnownFileType = sourcecode.c.objc; path = MEZoomAnimationController.m; sourceTree = "<group>"; };
		9CBCE7201A3CCFF700C9BD35 /* SettingViewController.h */ = {isa = PBXFileReference; fileEncoding = 4; lastKnownFileType = sourcecode.c.h; path = SettingViewController.h; sourceTree = "<group>"; };
		9CBCE7211A3CCFF700C9BD35 /* SettingViewController.m */ = {isa = PBXFileReference; fileEncoding = 4; lastKnownFileType = sourcecode.c.objc; path = SettingViewController.m; sourceTree = "<group>"; };
		9CBCE7231A3CD0B900C9BD35 /* UINavigationController+XS.h */ = {isa = PBXFileReference; fileEncoding = 4; lastKnownFileType = sourcecode.c.h; path = "UINavigationController+XS.h"; sourceTree = "<group>"; };
		9CBCE7241A3CD0B900C9BD35 /* UINavigationController+XS.m */ = {isa = PBXFileReference; fileEncoding = 4; lastKnownFileType = sourcecode.c.objc; path = "UINavigationController+XS.m"; sourceTree = "<group>"; };
		9CBCE7261A3D7B9B00C9BD35 /* FeedViewPhotoCell.h */ = {isa = PBXFileReference; fileEncoding = 4; lastKnownFileType = sourcecode.c.h; path = FeedViewPhotoCell.h; sourceTree = "<group>"; };
		9CBCE7271A3D7B9B00C9BD35 /* FeedViewPhotoCell.m */ = {isa = PBXFileReference; fileEncoding = 4; lastKnownFileType = sourcecode.c.objc; path = FeedViewPhotoCell.m; sourceTree = "<group>"; };
		9CBCE72A1A3E2A0200C9BD35 /* InstagramServices.h */ = {isa = PBXFileReference; fileEncoding = 4; lastKnownFileType = sourcecode.c.h; path = InstagramServices.h; sourceTree = "<group>"; };
		9CBCE72B1A3E2A0200C9BD35 /* InstagramServices.m */ = {isa = PBXFileReference; fileEncoding = 4; lastKnownFileType = sourcecode.c.objc; path = InstagramServices.m; sourceTree = "<group>"; };
		9CBCE72D1A3E2EF100C9BD35 /* User.h */ = {isa = PBXFileReference; fileEncoding = 4; lastKnownFileType = sourcecode.c.h; path = User.h; sourceTree = "<group>"; };
		9CBCE72E1A3E2EF100C9BD35 /* User.m */ = {isa = PBXFileReference; fileEncoding = 4; lastKnownFileType = sourcecode.c.objc; path = User.m; sourceTree = "<group>"; };
		9CBCE7301A3E2F5000C9BD35 /* Media.h */ = {isa = PBXFileReference; fileEncoding = 4; lastKnownFileType = sourcecode.c.h; path = Media.h; sourceTree = "<group>"; };
		9CBCE7311A3E2F5000C9BD35 /* Media.m */ = {isa = PBXFileReference; fileEncoding = 4; lastKnownFileType = sourcecode.c.objc; path = Media.m; sourceTree = "<group>"; };
		9CBCE7361A3E381B00C9BD35 /* instagram.txt */ = {isa = PBXFileReference; fileEncoding = 4; lastKnownFileType = text; path = instagram.txt; sourceTree = "<group>"; };
		9CBCE7421A3ECD9000C9BD35 /* SourceSansPro-Black.otf */ = {isa = PBXFileReference; lastKnownFileType = file; path = "SourceSansPro-Black.otf"; sourceTree = "<group>"; };
		9CBCE7441A3ECD9000C9BD35 /* SourceSansPro-Bold.otf */ = {isa = PBXFileReference; lastKnownFileType = file; path = "SourceSansPro-Bold.otf"; sourceTree = "<group>"; };
		9CBCE7461A3ECD9000C9BD35 /* SourceSansPro-ExtraLight.otf */ = {isa = PBXFileReference; lastKnownFileType = file; path = "SourceSansPro-ExtraLight.otf"; sourceTree = "<group>"; };
		9CBCE7491A3ECD9000C9BD35 /* SourceSansPro-Light.otf */ = {isa = PBXFileReference; lastKnownFileType = file; path = "SourceSansPro-Light.otf"; sourceTree = "<group>"; };
		9CBCE74B1A3ECD9000C9BD35 /* SourceSansPro-Regular.otf */ = {isa = PBXFileReference; lastKnownFileType = file; path = "SourceSansPro-Regular.otf"; sourceTree = "<group>"; };
		9CBCE74C1A3ECD9000C9BD35 /* SourceSansPro-Semibold.otf */ = {isa = PBXFileReference; lastKnownFileType = file; path = "SourceSansPro-Semibold.otf"; sourceTree = "<group>"; };
		9CCC75731A45488F00F9EE3D /* LoadingAnimator.h */ = {isa = PBXFileReference; fileEncoding = 4; lastKnownFileType = sourcecode.c.h; path = LoadingAnimator.h; sourceTree = "<group>"; };
		9CCC75741A45488F00F9EE3D /* LoadingAnimator.m */ = {isa = PBXFileReference; fileEncoding = 4; lastKnownFileType = sourcecode.c.objc; path = LoadingAnimator.m; sourceTree = "<group>"; };
		9CCC75751A45488F00F9EE3D /* SlidingAndFadingAnimator.h */ = {isa = PBXFileReference; fileEncoding = 4; lastKnownFileType = sourcecode.c.h; path = SlidingAndFadingAnimator.h; sourceTree = "<group>"; };
		9CCC75761A45488F00F9EE3D /* SlidingAndFadingAnimator.m */ = {isa = PBXFileReference; fileEncoding = 4; lastKnownFileType = sourcecode.c.objc; path = SlidingAndFadingAnimator.m; sourceTree = "<group>"; };
		9CCF45DA1A3A5A2300FB1A94 /* UIViewController+XS.h */ = {isa = PBXFileReference; fileEncoding = 4; lastKnownFileType = sourcecode.c.h; path = "UIViewController+XS.h"; sourceTree = "<group>"; };
		9CCF45DB1A3A5A2300FB1A94 /* UIViewController+XS.m */ = {isa = PBXFileReference; fileEncoding = 4; lastKnownFileType = sourcecode.c.objc; path = "UIViewController+XS.m"; sourceTree = "<group>"; };
		9CCF5AA11A4BD5F7001B9029 /* FadingInOutAnimiator.h */ = {isa = PBXFileReference; fileEncoding = 4; lastKnownFileType = sourcecode.c.h; path = FadingInOutAnimiator.h; sourceTree = "<group>"; };
		9CCF5AA21A4BD5F7001B9029 /* FadingInOutAnimiator.m */ = {isa = PBXFileReference; fileEncoding = 4; lastKnownFileType = sourcecode.c.objc; path = FadingInOutAnimiator.m; sourceTree = "<group>"; };
		9CCF5AA41A4BDF12001B9029 /* SCLocalizable.h */ = {isa = PBXFileReference; fileEncoding = 4; lastKnownFileType = sourcecode.c.h; path = SCLocalizable.h; sourceTree = "<group>"; };
		9CCF5AA51A4BDF12001B9029 /* SCLocalizable.m */ = {isa = PBXFileReference; fileEncoding = 4; lastKnownFileType = sourcecode.c.objc; path = SCLocalizable.m; sourceTree = "<group>"; };
		9CCF5AC11A4BE487001B9029 /* Base */ = {isa = PBXFileReference; lastKnownFileType = text.plist.strings; name = Base; path = Base.lproj/Localizable.strings; sourceTree = "<group>"; };
		9CCF5AC31A4BE489001B9029 /* zh-Hans */ = {isa = PBXFileReference; lastKnownFileType = text.plist.strings; name = "zh-Hans"; path = "zh-Hans.lproj/Localizable.strings"; sourceTree = "<group>"; };
		9CCF5AC41A4BE48A001B9029 /* zh-Hant */ = {isa = PBXFileReference; lastKnownFileType = text.plist.strings; name = "zh-Hant"; path = "zh-Hant.lproj/Localizable.strings"; sourceTree = "<group>"; };
		9CCF5AC51A4BE48B001B9029 /* en */ = {isa = PBXFileReference; lastKnownFileType = text.plist.strings; name = en; path = en.lproj/Localizable.strings; sourceTree = "<group>"; };
		9CCF5AC61A4BE99E001B9029 /* SinkingAndSlidingAnimator.h */ = {isa = PBXFileReference; fileEncoding = 4; lastKnownFileType = sourcecode.c.h; path = SinkingAndSlidingAnimator.h; sourceTree = "<group>"; };
		9CCF5AC71A4BE99E001B9029 /* SinkingAndSlidingAnimator.m */ = {isa = PBXFileReference; fileEncoding = 4; lastKnownFileType = sourcecode.c.objc; path = SinkingAndSlidingAnimator.m; sourceTree = "<group>"; };
		9CD4E32C1A4A33B50062A2F3 /* ProgressView.h */ = {isa = PBXFileReference; fileEncoding = 4; lastKnownFileType = sourcecode.c.h; path = ProgressView.h; sourceTree = "<group>"; };
		9CD4E32D1A4A33B50062A2F3 /* ProgressView.m */ = {isa = PBXFileReference; fileEncoding = 4; lastKnownFileType = sourcecode.c.objc; path = ProgressView.m; sourceTree = "<group>"; };
		9CDC97811A55BDCC0021F9A6 /* AssetsPickerOverlayViewController.h */ = {isa = PBXFileReference; fileEncoding = 4; lastKnownFileType = sourcecode.c.h; path = AssetsPickerOverlayViewController.h; sourceTree = "<group>"; };
		9CDC97821A55BDCC0021F9A6 /* AssetsPickerOverlayViewController.m */ = {isa = PBXFileReference; fileEncoding = 4; lastKnownFileType = sourcecode.c.objc; path = AssetsPickerOverlayViewController.m; sourceTree = "<group>"; };
		9CDC978C1A55C8D00021F9A6 /* ELCAlbumPickerController.h */ = {isa = PBXFileReference; fileEncoding = 4; lastKnownFileType = sourcecode.c.h; path = ELCAlbumPickerController.h; sourceTree = "<group>"; };
		9CDC978D1A55C8D00021F9A6 /* ELCAlbumPickerController.m */ = {isa = PBXFileReference; fileEncoding = 4; lastKnownFileType = sourcecode.c.objc; path = ELCAlbumPickerController.m; sourceTree = "<group>"; };
		9CDC978E1A55C8D00021F9A6 /* ELCAsset.h */ = {isa = PBXFileReference; fileEncoding = 4; lastKnownFileType = sourcecode.c.h; path = ELCAsset.h; sourceTree = "<group>"; };
		9CDC978F1A55C8D00021F9A6 /* ELCAsset.m */ = {isa = PBXFileReference; fileEncoding = 4; lastKnownFileType = sourcecode.c.objc; path = ELCAsset.m; sourceTree = "<group>"; };
		9CDC97B21A55CD880021F9A6 /* ELCAlbumCell.h */ = {isa = PBXFileReference; fileEncoding = 4; lastKnownFileType = sourcecode.c.h; path = ELCAlbumCell.h; sourceTree = "<group>"; };
		9CDC97B31A55CD880021F9A6 /* ELCAlbumCell.m */ = {isa = PBXFileReference; fileEncoding = 4; lastKnownFileType = sourcecode.c.objc; path = ELCAlbumCell.m; sourceTree = "<group>"; };
		9CDC97B51A562C410021F9A6 /* ELCAssetsCollectionViewController.h */ = {isa = PBXFileReference; fileEncoding = 4; lastKnownFileType = sourcecode.c.h; path = ELCAssetsCollectionViewController.h; sourceTree = "<group>"; };
		9CDC97B61A562C410021F9A6 /* ELCAssetsCollectionViewController.m */ = {isa = PBXFileReference; fileEncoding = 4; lastKnownFileType = sourcecode.c.objc; path = ELCAssetsCollectionViewController.m; sourceTree = "<group>"; };
		9CDC97BB1A562C9F0021F9A6 /* ELCAssetsCollectionCell.h */ = {isa = PBXFileReference; fileEncoding = 4; lastKnownFileType = sourcecode.c.h; path = ELCAssetsCollectionCell.h; sourceTree = "<group>"; };
		9CDC97BC1A562C9F0021F9A6 /* ELCAssetsCollectionCell.m */ = {isa = PBXFileReference; fileEncoding = 4; lastKnownFileType = sourcecode.c.objc; path = ELCAssetsCollectionCell.m; sourceTree = "<group>"; };
		9CDDDE381A49373C00144DB8 /* CamFilterViewController.h */ = {isa = PBXFileReference; fileEncoding = 4; lastKnownFileType = sourcecode.c.h; path = CamFilterViewController.h; sourceTree = "<group>"; };
		9CDDDE391A49373C00144DB8 /* CamFilterViewController.m */ = {isa = PBXFileReference; fileEncoding = 4; lastKnownFileType = sourcecode.c.objc; path = CamFilterViewController.m; sourceTree = "<group>"; };
		9CDDDE3B1A493DFC00144DB8 /* AssetsPickerViewController.h */ = {isa = PBXFileReference; fileEncoding = 4; lastKnownFileType = sourcecode.c.h; path = AssetsPickerViewController.h; sourceTree = "<group>"; };
		9CDDDE3C1A493DFC00144DB8 /* AssetsPickerViewController.m */ = {isa = PBXFileReference; fileEncoding = 4; lastKnownFileType = sourcecode.c.objc; path = AssetsPickerViewController.m; sourceTree = "<group>"; };
		9CE4F08E1A46987E005EB73C /* CommentsTextViewController.h */ = {isa = PBXFileReference; fileEncoding = 4; lastKnownFileType = sourcecode.c.h; path = CommentsTextViewController.h; sourceTree = "<group>"; };
		9CE4F08F1A46987E005EB73C /* CommentsTextViewController.m */ = {isa = PBXFileReference; fileEncoding = 4; lastKnownFileType = sourcecode.c.objc; path = CommentsTextViewController.m; sourceTree = "<group>"; };
		9CF19E661A53A2D300908553 /* CamCaptureViewController.h */ = {isa = PBXFileReference; fileEncoding = 4; lastKnownFileType = sourcecode.c.h; path = CamCaptureViewController.h; sourceTree = "<group>"; };
		9CF19E671A53A2D300908553 /* CamCaptureViewController.m */ = {isa = PBXFileReference; fileEncoding = 4; lastKnownFileType = sourcecode.c.objc; path = CamCaptureViewController.m; sourceTree = "<group>"; };
		9CF19E6C1A53BF1800908553 /* CamCaptureOverlayViewController.h */ = {isa = PBXFileReference; fileEncoding = 4; lastKnownFileType = sourcecode.c.h; path = CamCaptureOverlayViewController.h; sourceTree = "<group>"; };
		9CF19E6D1A53BF1800908553 /* CamCaptureOverlayViewController.m */ = {isa = PBXFileReference; fileEncoding = 4; lastKnownFileType = sourcecode.c.objc; path = CamCaptureOverlayViewController.m; sourceTree = "<group>"; };
		9CF19E6F1A53CC5D00908553 /* CamCurtainViewController.h */ = {isa = PBXFileReference; fileEncoding = 4; lastKnownFileType = sourcecode.c.h; path = CamCurtainViewController.h; sourceTree = "<group>"; };
		9CF19E701A53CC5D00908553 /* CamCurtainViewController.m */ = {isa = PBXFileReference; fileEncoding = 4; lastKnownFileType = sourcecode.c.objc; path = CamCurtainViewController.m; sourceTree = "<group>"; };
		9CF19E721A53D3E500908553 /* CamCaptureModeViewController.h */ = {isa = PBXFileReference; fileEncoding = 4; lastKnownFileType = sourcecode.c.h; path = CamCaptureModeViewController.h; sourceTree = "<group>"; };
		9CF19E731A53D3E500908553 /* CamCaptureModeViewController.m */ = {isa = PBXFileReference; fileEncoding = 4; lastKnownFileType = sourcecode.c.objc; path = CamCaptureModeViewController.m; sourceTree = "<group>"; };
		9CF88D401A3FBCE400D4E72E /* FeedViewPhotoCell.xib */ = {isa = PBXFileReference; fileEncoding = 4; lastKnownFileType = file.xib; path = FeedViewPhotoCell.xib; sourceTree = "<group>"; };
		9CF88D421A3FC3F300D4E72E /* JSONValueTransformer+XS.h */ = {isa = PBXFileReference; fileEncoding = 4; lastKnownFileType = sourcecode.c.h; path = "JSONValueTransformer+XS.h"; sourceTree = "<group>"; };
		9CF88D431A3FC3F300D4E72E /* JSONValueTransformer+XS.m */ = {isa = PBXFileReference; fileEncoding = 4; lastKnownFileType = sourcecode.c.objc; path = "JSONValueTransformer+XS.m"; sourceTree = "<group>"; };
		9CF88D451A3FE5ED00D4E72E /* Tasks */ = {isa = PBXFileReference; fileEncoding = 4; lastKnownFileType = text; path = Tasks; sourceTree = "<group>"; };
		9CF88D471A3FE6A300D4E72E /* NSDate+XS.h */ = {isa = PBXFileReference; fileEncoding = 4; lastKnownFileType = sourcecode.c.h; path = "NSDate+XS.h"; sourceTree = "<group>"; };
		9CF88D481A3FE6A300D4E72E /* NSDate+XS.m */ = {isa = PBXFileReference; fileEncoding = 4; lastKnownFileType = sourcecode.c.objc; path = "NSDate+XS.m"; sourceTree = "<group>"; };
/* End PBXFileReference section */

/* Begin PBXFrameworksBuildPhase section */
		9C7DEBA91A396E6B00A0436E /* Frameworks */ = {
			isa = PBXFrameworksBuildPhase;
			buildActionMask = 2147483647;
			files = (
				9C06BEEB1A4D2B32008430B9 /* MediaPlayer.framework in Frameworks */,
				9C09286B1A401D5E001340F2 /* AssetsLibrary.framework in Frameworks */,
				9C0928691A401D50001340F2 /* AVFoundation.framework in Frameworks */,
				9C835CDB1A3AC47100A75B91 /* QuartzCore.framework in Frameworks */,
				760E18122B9B51E3F7FB8B96 /* libPods-xsports.a in Frameworks */,
			);
			runOnlyForDeploymentPostprocessing = 0;
		};
		9C7DEBC21A396E6B00A0436E /* Frameworks */ = {
			isa = PBXFrameworksBuildPhase;
			buildActionMask = 2147483647;
			files = (
			);
			runOnlyForDeploymentPostprocessing = 0;
		};
/* End PBXFrameworksBuildPhase section */

/* Begin PBXGroup section */
		20ED85FB66C1DBC016064282 /* Pods */ = {
			isa = PBXGroup;
			children = (
				1A4BB79BAD41A832D7723277 /* Pods-xsports.debug.xcconfig */,
				2D2912C89A0F0CA9CC13598C /* Pods-xsports.release.xcconfig */,
			);
			name = Pods;
			sourceTree = "<group>";
		};
		9A695D9815CBD1C135E8EF80 /* Frameworks */ = {
			isa = PBXGroup;
			children = (
				9C06BEEA1A4D2B32008430B9 /* MediaPlayer.framework */,
				9C09286A1A401D5E001340F2 /* AssetsLibrary.framework */,
				9C0928681A401D50001340F2 /* AVFoundation.framework */,
				9C835CDA1A3AC47100A75B91 /* QuartzCore.framework */,
				378009332D2FB93EAFF7632A /* libPods-xsports.a */,
			);
			name = Frameworks;
			sourceTree = "<group>";
		};
		9C02EA131A3AB54300FA1631 /* Helper */ = {
			isa = PBXGroup;
			children = (
				9CCC75511A45486F00F9EE3D /* AnimationControllers */,
				9CBCE7131A3CC56200C9BD35 /* METransitions */,
				9C4B94F21A416D1B00DFCC7F /* GridLayout.h */,
				9C4B94F31A416D1B00DFCC7F /* GridLayout.m */,
				9CCF5AA41A4BDF12001B9029 /* SCLocalizable.h */,
				9CCF5AA51A4BDF12001B9029 /* SCLocalizable.m */,
			);
			path = Helper;
			sourceTree = "<group>";
		};
		9C3C481D1A50714B00BABAED /* Manager */ = {
			isa = PBXGroup;
			children = (
				9C3C481E1A50715600BABAED /* AVPlayerManager.h */,
				9C3C481F1A50715600BABAED /* AVPlayerManager.m */,
			);
			path = Manager;
			sourceTree = "<group>";
		};
		9C54EF3D1A39EF0B00D16EEE /* Font */ = {
			isa = PBXGroup;
			children = (
				9C1EE3451A4B2085007372BD /* Microsoft-YaHei.ttf */,
				9CBCE7421A3ECD9000C9BD35 /* SourceSansPro-Black.otf */,
				9CBCE7441A3ECD9000C9BD35 /* SourceSansPro-Bold.otf */,
				9CBCE7461A3ECD9000C9BD35 /* SourceSansPro-ExtraLight.otf */,
				9CBCE7491A3ECD9000C9BD35 /* SourceSansPro-Light.otf */,
				9CBCE74B1A3ECD9000C9BD35 /* SourceSansPro-Regular.otf */,
				9CBCE74C1A3ECD9000C9BD35 /* SourceSansPro-Semibold.otf */,
			);
			path = Font;
			sourceTree = "<group>";
		};
		9C7DEBA31A396E6B00A0436E = {
			isa = PBXGroup;
			children = (
				9C7DEBAE1A396E6B00A0436E /* xsports */,
				9C7DEBC81A396E6B00A0436E /* xsportsTests */,
				9C7DEBAD1A396E6B00A0436E /* Products */,
				20ED85FB66C1DBC016064282 /* Pods */,
				9A695D9815CBD1C135E8EF80 /* Frameworks */,
			);
			sourceTree = "<group>";
		};
		9C7DEBAD1A396E6B00A0436E /* Products */ = {
			isa = PBXGroup;
			children = (
				9C7DEBAC1A396E6B00A0436E /* xsports.app */,
				9C7DEBC51A396E6B00A0436E /* xsportsTests.xctest */,
			);
			name = Products;
			sourceTree = "<group>";
		};
		9C7DEBAE1A396E6B00A0436E /* xsports */ = {
			isa = PBXGroup;
			children = (
				9CDC978A1A55C8D00021F9A6 /* Customization */,
				9C9862F71A397508003D5F86 /* Resource */,
				9C9862EF1A3974A8003D5F86 /* Source */,
				9C7DEBB31A396E6B00A0436E /* AppDelegate.h */,
				9C7DEBB41A396E6B00A0436E /* AppDelegate.m */,
				9C54EF471A39F11A00D16EEE /* XSConstants.h */,
				9C54EF481A39F11A00D16EEE /* XSConstants.m */,
				9C7DEBBE1A396E6B00A0436E /* LaunchScreen.xib */,
				9C6B21E81A397BB100FE8B43 /* Images.xcassets */,
				9C7DEBAF1A396E6B00A0436E /* Supporting Files */,
				9C54EF4A1A39F8BC00D16EEE /* XSports-PrefixHeader.pch */,
				9CF88D451A3FE5ED00D4E72E /* Tasks */,
			);
			path = xsports;
			sourceTree = "<group>";
		};
		9C7DEBAF1A396E6B00A0436E /* Supporting Files */ = {
			isa = PBXGroup;
			children = (
				9C7DEBB01A396E6B00A0436E /* Info.plist */,
				9C7DEBB11A396E6B00A0436E /* main.m */,
			);
			name = "Supporting Files";
			sourceTree = "<group>";
		};
		9C7DEBC81A396E6B00A0436E /* xsportsTests */ = {
			isa = PBXGroup;
			children = (
				9C7DEBCB1A396E6B00A0436E /* xsportsTests.m */,
				9C7DEBC91A396E6B00A0436E /* Supporting Files */,
			);
			path = xsportsTests;
			sourceTree = "<group>";
		};
		9C7DEBC91A396E6B00A0436E /* Supporting Files */ = {
			isa = PBXGroup;
			children = (
				9C7DEBCA1A396E6B00A0436E /* Info.plist */,
			);
			name = "Supporting Files";
			sourceTree = "<group>";
		};
		9C8A449B1A591B6A002C8CA2 /* User */ = {
			isa = PBXGroup;
			children = (
				9C8A449C1A591B7F002C8CA2 /* UserProfileViewController.h */,
				9C8A449D1A591B7F002C8CA2 /* UserProfileViewController.m */,
			);
			name = User;
			sourceTree = "<group>";
		};
		9C8A449F1A591E91002C8CA2 /* User */ = {
			isa = PBXGroup;
			children = (
				9C8A44A01A591EA6002C8CA2 /* UserProfileToolSectionHeader.h */,
				9C8A44A11A591EA6002C8CA2 /* UserProfileToolSectionHeader.m */,
			);
			name = User;
			sourceTree = "<group>";
		};
		9C96E4A11A52204F00C5701D /* Storyboards */ = {
			isa = PBXGroup;
			children = (
				9C7DEBB91A396E6B00A0436E /* Main.storyboard */,
				9C96E4981A521EBE00C5701D /* Popover.storyboard */,
				9C96E49A1A521EE200C5701D /* Login.storyboard */,
				9C96E49C1A521F2900C5701D /* Cam.storyboard */,
				9C8A44991A59170C002C8CA2 /* User.storyboard */,
			);
			name = Storyboards;
			sourceTree = "<group>";
		};
		9C96E4A21A52205F00C5701D /* Feed */ = {
			isa = PBXGroup;
			children = (
				9C96E49E1A52204300C5701D /* FeedPopoverContentViewController.h */,
				9C96E49F1A52204300C5701D /* FeedPopoverContentViewController.m */,
				9C7ED1271A3BA13C007AB927 /* FeedViewController.h */,
				9C7ED1281A3BA13C007AB927 /* FeedViewController.m */,
				9C4B94FA1A4292DD00DFCC7F /* FeedFlowCollectionViewController.h */,
				9C4B94FB1A4292DD00DFCC7F /* FeedFlowCollectionViewController.m */,
				9C4B94FD1A4292EE00DFCC7F /* FeedGridCollectionViewController.h */,
				9C4B94FE1A4292EE00DFCC7F /* FeedGridCollectionViewController.m */,
			);
			name = Feed;
			sourceTree = "<group>";
		};
		9C96E4A31A52206600C5701D /* Cam */ = {
			isa = PBXGroup;
			children = (
				9CDDDE381A49373C00144DB8 /* CamFilterViewController.h */,
				9CDDDE391A49373C00144DB8 /* CamFilterViewController.m */,
				9CBC8ABA1A477793006F00A3 /* CamViewController.h */,
				9CBC8ABB1A477793006F00A3 /* CamViewController.m */,
				9CF19E661A53A2D300908553 /* CamCaptureViewController.h */,
				9CF19E671A53A2D300908553 /* CamCaptureViewController.m */,
				9CF19E6C1A53BF1800908553 /* CamCaptureOverlayViewController.h */,
				9CF19E6D1A53BF1800908553 /* CamCaptureOverlayViewController.m */,
				9CF19E6F1A53CC5D00908553 /* CamCurtainViewController.h */,
				9CF19E701A53CC5D00908553 /* CamCurtainViewController.m */,
				9CF19E721A53D3E500908553 /* CamCaptureModeViewController.h */,
				9CF19E731A53D3E500908553 /* CamCaptureModeViewController.m */,
				9CDDDE3B1A493DFC00144DB8 /* AssetsPickerViewController.h */,
				9CDDDE3C1A493DFC00144DB8 /* AssetsPickerViewController.m */,
				9CDC97811A55BDCC0021F9A6 /* AssetsPickerOverlayViewController.h */,
				9CDC97821A55BDCC0021F9A6 /* AssetsPickerOverlayViewController.m */,
			);
			name = Cam;
			sourceTree = "<group>";
		};
		9C96E4A41A52207300C5701D /* Login */ = {
			isa = PBXGroup;
			children = (
				9C1EE3471A4B268F007372BD /* SignUpViewController.h */,
				9C1EE3481A4B268F007372BD /* SignUpViewController.m */,
				9C54EF3A1A39EECA00D16EEE /* LoginViewController.h */,
				9C54EF3B1A39EECA00D16EEE /* LoginViewController.m */,
			);
			name = Login;
			sourceTree = "<group>";
		};
		9C96E4A51A52209600C5701D /* Others */ = {
			isa = PBXGroup;
			children = (
				9CBC8ABD1A47C32C006F00A3 /* CamNavigationController.h */,
				9CBC8ABE1A47C32C006F00A3 /* CamNavigationController.m */,
				9C3428541A455D9D0021AB2B /* PageNavigationController.h */,
				9C3428551A455D9D0021AB2B /* PageNavigationController.m */,
				9C02EA0A1A3A706F00FA1631 /* LoadingViewController.h */,
				9C02EA0B1A3A706F00FA1631 /* LoadingViewController.m */,
				9C7ED1211A3B89B4007AB927 /* SlidingViewController.h */,
				9C7ED1221A3B89B4007AB927 /* SlidingViewController.m */,
				9C7ED1241A3B8AD0007AB927 /* MenuViewController.h */,
				9C7ED1251A3B8AD0007AB927 /* MenuViewController.m */,
			);
			name = Others;
			sourceTree = "<group>";
		};
		9C96E4A61A5220AD00C5701D /* Likes */ = {
			isa = PBXGroup;
			children = (
				9C3428571A455F940021AB2B /* LikesViewController.h */,
				9C3428581A455F940021AB2B /* LikesViewController.m */,
			);
			name = Likes;
			sourceTree = "<group>";
		};
		9C96E4A71A5220B700C5701D /* Comments */ = {
			isa = PBXGroup;
			children = (
				9C11A45D1A45E50200A9E4CD /* CommentsViewController.h */,
				9C11A45E1A45E50200A9E4CD /* CommentsViewController.m */,
				9CE4F08E1A46987E005EB73C /* CommentsTextViewController.h */,
				9CE4F08F1A46987E005EB73C /* CommentsTextViewController.m */,
			);
			name = Comments;
			sourceTree = "<group>";
		};
		9C96E4A81A5220C500C5701D /* Settings */ = {
			isa = PBXGroup;
			children = (
				9CBCE7201A3CCFF700C9BD35 /* SettingViewController.h */,
				9CBCE7211A3CCFF700C9BD35 /* SettingViewController.m */,
			);
			name = Settings;
			sourceTree = "<group>";
		};
		9C96E4A91A52211200C5701D /* Cam */ = {
			isa = PBXGroup;
			children = (
				9CBC8AC01A48077B006F00A3 /* CamScrollView.h */,
				9CBC8AC11A48077B006F00A3 /* CamScrollView.m */,
				9CBC8AB71A47777E006F00A3 /* AVCamPreviewView.h */,
				9CBC8AB81A47777E006F00A3 /* AVCamPreviewView.m */,
				9CD4E32C1A4A33B50062A2F3 /* ProgressView.h */,
				9CD4E32D1A4A33B50062A2F3 /* ProgressView.m */,
			);
			name = Cam;
			sourceTree = "<group>";
		};
		9C96E4AA1A52211A00C5701D /* Login */ = {
			isa = PBXGroup;
			children = (
				9C5BD0D71A4B281800B7B426 /* SignupAccountCell.h */,
				9C5BD0D81A4B281800B7B426 /* SignupAccountCell.m */,
				9C54EF4B1A3A255C00D16EEE /* LoginEmailCell.h */,
				9C54EF4C1A3A255C00D16EEE /* LoginEmailCell.m */,
				9C54EF4E1A3A260900D16EEE /* LoginPasswordCell.h */,
				9C54EF4F1A3A260900D16EEE /* LoginPasswordCell.m */,
			);
			name = Login;
			sourceTree = "<group>";
		};
		9C96E4AB1A52211F00C5701D /* Feed */ = {
			isa = PBXGroup;
			children = (
				9C0928651A40173B001340F2 /* AVPlayerView.h */,
				9C0928661A40173B001340F2 /* AVPlayerView.m */,
				9C4B94ED1A41697900DFCC7F /* FeedViewGridPhotoCell.h */,
				9C4B94EE1A41697900DFCC7F /* FeedViewGridPhotoCell.m */,
				9C4B94EF1A41697900DFCC7F /* FeedViewGridPhotoCell.xib */,
				9C4B94F51A425FFC00DFCC7F /* FeedViewGridVideoCell.h */,
				9C4B94F61A425FFC00DFCC7F /* FeedViewGridVideoCell.m */,
				9C4B94F71A425FFC00DFCC7F /* FeedViewGridVideoCell.xib */,
				9CBCE7261A3D7B9B00C9BD35 /* FeedViewPhotoCell.h */,
				9CBCE7271A3D7B9B00C9BD35 /* FeedViewPhotoCell.m */,
				9CF88D401A3FBCE400D4E72E /* FeedViewPhotoCell.xib */,
				9C0928601A4000E5001340F2 /* FeedViewVideoCell.xib */,
				9C0928621A400C8C001340F2 /* FeedViewVideoCell.h */,
				9C0928631A400C8C001340F2 /* FeedViewVideoCell.m */,
				9C96E4B01A5221A700C5701D /* FeedPopoverContentCell.h */,
				9C96E4B11A5221A700C5701D /* FeedPopoverContentCell.m */,
			);
			name = Feed;
			sourceTree = "<group>";
		};
		9C96E4AC1A52215A00C5701D /* Other */ = {
			isa = PBXGroup;
			children = (
				9C44C6281A3C2041002CB86B /* MenuViewCell.h */,
				9C44C6291A3C2041002CB86B /* MenuViewCell.m */,
				9C34285A1A4560800021AB2B /* LikesCell.h */,
				9C34285B1A4560800021AB2B /* LikesCell.m */,
				9C11A4601A45E54D00A9E4CD /* CommentsCell.h */,
				9C11A4611A45E54D00A9E4CD /* CommentsCell.m */,
				9C11A4631A45F08400A9E4CD /* CommentsCell.xib */,
			);
			name = Other;
			sourceTree = "<group>";
		};
		9C9862EF1A3974A8003D5F86 /* Source */ = {
			isa = PBXGroup;
			children = (
				9C3C481D1A50714B00BABAED /* Manager */,
				9CBCE7291A3E29EB00C9BD35 /* Server */,
				9C02EA131A3AB54300FA1631 /* Helper */,
				9C9862F11A3974D6003D5F86 /* Controller */,
				9C9862F21A3974D6003D5F86 /* Model */,
				9C9862F31A3974D6003D5F86 /* View */,
				9C9862F01A3974A8003D5F86 /* Category */,
			);
			path = Source;
			sourceTree = "<group>";
		};
		9C9862F01A3974A8003D5F86 /* Category */ = {
			isa = PBXGroup;
			children = (
				9C9862F81A39753F003D5F86 /* UIColor+XS.h */,
				9C9862F91A39753F003D5F86 /* UIColor+XS.m */,
				9C6B21EA1A39812D00FE8B43 /* UIFont+XS.h */,
				9C6B21EB1A39812D00FE8B43 /* UIFont+XS.m */,
				9C54EF511A3A3B6000D16EEE /* UIScreen+XS.h */,
				9C54EF521A3A3B6000D16EEE /* UIScreen+XS.m */,
				9C54EF541A3A457000D16EEE /* NSPredicate+XS.h */,
				9C54EF551A3A457000D16EEE /* NSPredicate+XS.m */,
				9CCF45DA1A3A5A2300FB1A94 /* UIViewController+XS.h */,
				9CCF45DB1A3A5A2300FB1A94 /* UIViewController+XS.m */,
				9C02EA0D1A3A793500FA1631 /* UIImage+XS.h */,
				9C02EA0E1A3A793500FA1631 /* UIImage+XS.m */,
				9C02EA101A3A7A0300FA1631 /* UIView+XS.h */,
				9C02EA111A3A7A0300FA1631 /* UIView+XS.m */,
				9CBCE7231A3CD0B900C9BD35 /* UINavigationController+XS.h */,
				9CBCE7241A3CD0B900C9BD35 /* UINavigationController+XS.m */,
				9CF88D421A3FC3F300D4E72E /* JSONValueTransformer+XS.h */,
				9CF88D431A3FC3F300D4E72E /* JSONValueTransformer+XS.m */,
				9CF88D471A3FE6A300D4E72E /* NSDate+XS.h */,
				9CF88D481A3FE6A300D4E72E /* NSDate+XS.m */,
			);
			path = Category;
			sourceTree = "<group>";
		};
		9C9862F11A3974D6003D5F86 /* Controller */ = {
			isa = PBXGroup;
			children = (
				9C8A449B1A591B6A002C8CA2 /* User */,
				9C96E4A81A5220C500C5701D /* Settings */,
				9C96E4A71A5220B700C5701D /* Comments */,
				9C96E4A61A5220AD00C5701D /* Likes */,
				9C96E4A51A52209600C5701D /* Others */,
				9C96E4A41A52207300C5701D /* Login */,
				9C96E4A31A52206600C5701D /* Cam */,
				9C96E4A21A52205F00C5701D /* Feed */,
				9C96E4A11A52204F00C5701D /* Storyboards */,
			);
			path = Controller;
			sourceTree = "<group>";
		};
		9C9862F21A3974D6003D5F86 /* Model */ = {
			isa = PBXGroup;
			children = (
				9CBCE7361A3E381B00C9BD35 /* instagram.txt */,
				9CBCE72D1A3E2EF100C9BD35 /* User.h */,
				9CBCE72E1A3E2EF100C9BD35 /* User.m */,
				9CBCE7301A3E2F5000C9BD35 /* Media.h */,
				9CBCE7311A3E2F5000C9BD35 /* Media.m */,
			);
			path = Model;
			sourceTree = "<group>";
		};
		9C9862F31A3974D6003D5F86 /* View */ = {
			isa = PBXGroup;
			children = (
				9C8A449F1A591E91002C8CA2 /* User */,
				9C96E4AC1A52215A00C5701D /* Other */,
				9C96E4AB1A52211F00C5701D /* Feed */,
				9C96E4AA1A52211A00C5701D /* Login */,
				9C96E4A91A52211200C5701D /* Cam */,
			);
			path = View;
			sourceTree = "<group>";
		};
		9C9862F71A397508003D5F86 /* Resource */ = {
			isa = PBXGroup;
			children = (
				9CCF5ABD1A4BE46F001B9029 /* Strings */,
				9C54EF3D1A39EF0B00D16EEE /* Font */,
			);
			path = Resource;
			sourceTree = "<group>";
		};
		9CBCE7131A3CC56200C9BD35 /* METransitions */ = {
			isa = PBXGroup;
			children = (
				9CBCE7141A3CC56200C9BD35 /* MEDynamicTransition.h */,
				9CBCE7151A3CC56200C9BD35 /* MEDynamicTransition.m */,
				9CBCE7161A3CC56200C9BD35 /* MEFoldAnimationController.h */,
				9CBCE7171A3CC56200C9BD35 /* MEFoldAnimationController.m */,
				9CBCE71A1A3CC56200C9BD35 /* MEZoomAnimationController.h */,
				9CBCE71B1A3CC56200C9BD35 /* MEZoomAnimationController.m */,
			);
			path = METransitions;
			sourceTree = "<group>";
		};
		9CBCE7291A3E29EB00C9BD35 /* Server */ = {
			isa = PBXGroup;
			children = (
				9CBCE72A1A3E2A0200C9BD35 /* InstagramServices.h */,
				9CBCE72B1A3E2A0200C9BD35 /* InstagramServices.m */,
			);
			path = Server;
			sourceTree = "<group>";
		};
		9CCC75511A45486F00F9EE3D /* AnimationControllers */ = {
			isa = PBXGroup;
			children = (
				9CCC75731A45488F00F9EE3D /* LoadingAnimator.h */,
				9CCC75741A45488F00F9EE3D /* LoadingAnimator.m */,
				9CCC75751A45488F00F9EE3D /* SlidingAndFadingAnimator.h */,
				9CCC75761A45488F00F9EE3D /* SlidingAndFadingAnimator.m */,
				9CCF5AA11A4BD5F7001B9029 /* FadingInOutAnimiator.h */,
				9CCF5AA21A4BD5F7001B9029 /* FadingInOutAnimiator.m */,
				9CCF5AC61A4BE99E001B9029 /* SinkingAndSlidingAnimator.h */,
				9CCF5AC71A4BE99E001B9029 /* SinkingAndSlidingAnimator.m */,
				9C7375FA1A566B0E00FC57B6 /* CamCaptureAssetsAnimator.h */,
				9C7375FB1A566B0E00FC57B6 /* CamCaptureAssetsAnimator.m */,
			);
			path = AnimationControllers;
			sourceTree = "<group>";
		};
		9CCF5ABD1A4BE46F001B9029 /* Strings */ = {
			isa = PBXGroup;
			children = (
				9CCF5AC21A4BE487001B9029 /* Localizable.strings */,
			);
			path = Strings;
			sourceTree = "<group>";
		};
		9CDC978A1A55C8D00021F9A6 /* Customization */ = {
			isa = PBXGroup;
			children = (
				9CDC978B1A55C8D00021F9A6 /* ELCImagePicker */,
			);
			path = Customization;
			sourceTree = "<group>";
		};
		9CDC978B1A55C8D00021F9A6 /* ELCImagePicker */ = {
			isa = PBXGroup;
			children = (
				9CDC97B21A55CD880021F9A6 /* ELCAlbumCell.h */,
				9CDC97B31A55CD880021F9A6 /* ELCAlbumCell.m */,
				9CDC978C1A55C8D00021F9A6 /* ELCAlbumPickerController.h */,
				9CDC978D1A55C8D00021F9A6 /* ELCAlbumPickerController.m */,
				9CDC978E1A55C8D00021F9A6 /* ELCAsset.h */,
				9CDC978F1A55C8D00021F9A6 /* ELCAsset.m */,
				9CDC97B51A562C410021F9A6 /* ELCAssetsCollectionViewController.h */,
				9CDC97B61A562C410021F9A6 /* ELCAssetsCollectionViewController.m */,
				9CDC97BB1A562C9F0021F9A6 /* ELCAssetsCollectionCell.h */,
				9CDC97BC1A562C9F0021F9A6 /* ELCAssetsCollectionCell.m */,
				9C07744E1A564D0300723971 /* ELCAssetsCollectionHeaderCell.h */,
				9C07744F1A564D0300723971 /* ELCAssetsCollectionHeaderCell.m */,
			);
			path = ELCImagePicker;
			sourceTree = "<group>";
		};
/* End PBXGroup section */

/* Begin PBXNativeTarget section */
		9C7DEBAB1A396E6B00A0436E /* xsports */ = {
			isa = PBXNativeTarget;
			buildConfigurationList = 9C7DEBCF1A396E6B00A0436E /* Build configuration list for PBXNativeTarget "xsports" */;
			buildPhases = (
				B41A7C423164E6839B11C044 /* Check Pods Manifest.lock */,
				9C7DEBA81A396E6B00A0436E /* Sources */,
				9C7DEBA91A396E6B00A0436E /* Frameworks */,
				9C7DEBAA1A396E6B00A0436E /* Resources */,
				75267A5FC515491E1D5770C5 /* Copy Pods Resources */,
			);
			buildRules = (
			);
			dependencies = (
			);
			name = xsports;
			productName = xsports;
			productReference = 9C7DEBAC1A396E6B00A0436E /* xsports.app */;
			productType = "com.apple.product-type.application";
		};
		9C7DEBC41A396E6B00A0436E /* xsportsTests */ = {
			isa = PBXNativeTarget;
			buildConfigurationList = 9C7DEBD21A396E6B00A0436E /* Build configuration list for PBXNativeTarget "xsportsTests" */;
			buildPhases = (
				9C7DEBC11A396E6B00A0436E /* Sources */,
				9C7DEBC21A396E6B00A0436E /* Frameworks */,
				9C7DEBC31A396E6B00A0436E /* Resources */,
			);
			buildRules = (
			);
			dependencies = (
				9C7DEBC71A396E6B00A0436E /* PBXTargetDependency */,
			);
			name = xsportsTests;
			productName = xsportsTests;
			productReference = 9C7DEBC51A396E6B00A0436E /* xsportsTests.xctest */;
			productType = "com.apple.product-type.bundle.unit-test";
		};
/* End PBXNativeTarget section */

/* Begin PBXProject section */
		9C7DEBA41A396E6B00A0436E /* Project object */ = {
			isa = PBXProject;
			attributes = {
				LastUpgradeCheck = 0610;
				ORGANIZATIONNAME = "Shengzhe Chen";
				TargetAttributes = {
					9C7DEBAB1A396E6B00A0436E = {
						CreatedOnToolsVersion = 6.1;
						DevelopmentTeam = YETVG3H8VD;
					};
					9C7DEBC41A396E6B00A0436E = {
						CreatedOnToolsVersion = 6.1;
						TestTargetID = 9C7DEBAB1A396E6B00A0436E;
					};
				};
			};
			buildConfigurationList = 9C7DEBA71A396E6B00A0436E /* Build configuration list for PBXProject "xsports" */;
			compatibilityVersion = "Xcode 3.2";
			developmentRegion = English;
			hasScannedForEncodings = 0;
			knownRegions = (
				Base,
				"zh-Hans",
				en,
				"zh-Hant",
			);
			mainGroup = 9C7DEBA31A396E6B00A0436E;
			productRefGroup = 9C7DEBAD1A396E6B00A0436E /* Products */;
			projectDirPath = "";
			projectRoot = "";
			targets = (
				9C7DEBAB1A396E6B00A0436E /* xsports */,
				9C7DEBC41A396E6B00A0436E /* xsportsTests */,
			);
		};
/* End PBXProject section */

/* Begin PBXResourcesBuildPhase section */
		9C7DEBAA1A396E6B00A0436E /* Resources */ = {
			isa = PBXResourcesBuildPhase;
			buildActionMask = 2147483647;
			files = (
				9C09285F1A3FFEE5001340F2 /* FeedViewPhotoCell.xib in Resources */,
				9C4B94F11A41697900DFCC7F /* FeedViewGridPhotoCell.xib in Resources */,
				9CF88D461A3FE5ED00D4E72E /* Tasks in Resources */,
				9CBCE7521A3ECD9000C9BD35 /* SourceSansPro-ExtraLight.otf in Resources */,
				9C1EE3461A4B2085007372BD /* Microsoft-YaHei.ttf in Resources */,
				9C4B94F91A425FFC00DFCC7F /* FeedViewGridVideoCell.xib in Resources */,
				9CBCE7581A3ECD9000C9BD35 /* SourceSansPro-Semibold.otf in Resources */,
				9CBCE7501A3ECD9000C9BD35 /* SourceSansPro-Bold.otf in Resources */,
				9C96E49B1A521EE200C5701D /* Login.storyboard in Resources */,
				9C8A449A1A59170C002C8CA2 /* User.storyboard in Resources */,
				9C96E49D1A521F2900C5701D /* Cam.storyboard in Resources */,
				9CBCE7571A3ECD9000C9BD35 /* SourceSansPro-Regular.otf in Resources */,
				9C6B21E91A397BB100FE8B43 /* Images.xcassets in Resources */,
				9CBCE7551A3ECD9000C9BD35 /* SourceSansPro-Light.otf in Resources */,
				9C7DEBBB1A396E6B00A0436E /* Main.storyboard in Resources */,
				9CBCE7371A3E381B00C9BD35 /* instagram.txt in Resources */,
				9C96E4991A521EBE00C5701D /* Popover.storyboard in Resources */,
				9CCF5AC01A4BE487001B9029 /* Localizable.strings in Resources */,
				9C11A4641A45F08400A9E4CD /* CommentsCell.xib in Resources */,
				9CBCE74E1A3ECD9000C9BD35 /* SourceSansPro-Black.otf in Resources */,
				9C0928611A4000E5001340F2 /* FeedViewVideoCell.xib in Resources */,
				9C7DEBC01A396E6B00A0436E /* LaunchScreen.xib in Resources */,
			);
			runOnlyForDeploymentPostprocessing = 0;
		};
		9C7DEBC31A396E6B00A0436E /* Resources */ = {
			isa = PBXResourcesBuildPhase;
			buildActionMask = 2147483647;
			files = (
			);
			runOnlyForDeploymentPostprocessing = 0;
		};
/* End PBXResourcesBuildPhase section */

/* Begin PBXShellScriptBuildPhase section */
		75267A5FC515491E1D5770C5 /* Copy Pods Resources */ = {
			isa = PBXShellScriptBuildPhase;
			buildActionMask = 2147483647;
			files = (
			);
			inputPaths = (
			);
			name = "Copy Pods Resources";
			outputPaths = (
			);
			runOnlyForDeploymentPostprocessing = 0;
			shellPath = /bin/sh;
			shellScript = "\"${SRCROOT}/Pods/Target Support Files/Pods-xsports/Pods-xsports-resources.sh\"\n";
			showEnvVarsInLog = 0;
		};
		B41A7C423164E6839B11C044 /* Check Pods Manifest.lock */ = {
			isa = PBXShellScriptBuildPhase;
			buildActionMask = 2147483647;
			files = (
			);
			inputPaths = (
			);
			name = "Check Pods Manifest.lock";
			outputPaths = (
			);
			runOnlyForDeploymentPostprocessing = 0;
			shellPath = /bin/sh;
			shellScript = "diff \"${PODS_ROOT}/../Podfile.lock\" \"${PODS_ROOT}/Manifest.lock\" > /dev/null\nif [[ $? != 0 ]] ; then\n    cat << EOM\nerror: The sandbox is not in sync with the Podfile.lock. Run 'pod install' or update your CocoaPods installation.\nEOM\n    exit 1\nfi\n";
			showEnvVarsInLog = 0;
		};
/* End PBXShellScriptBuildPhase section */

/* Begin PBXSourcesBuildPhase section */
		9C7DEBA81A396E6B00A0436E /* Sources */ = {
			isa = PBXSourcesBuildPhase;
			buildActionMask = 2147483647;
			files = (
				9CF19E741A53D3E500908553 /* CamCaptureModeViewController.m in Sources */,
				9C7DEBB51A396E6B00A0436E /* AppDelegate.m in Sources */,
				9C7ED1261A3B8AD0007AB927 /* MenuViewController.m in Sources */,
				9C7375FC1A566B0E00FC57B6 /* CamCaptureAssetsAnimator.m in Sources */,
				9CBCE72F1A3E2EF100C9BD35 /* User.m in Sources */,
				9C0928641A400C8C001340F2 /* FeedViewVideoCell.m in Sources */,
				9CBC8ABF1A47C32C006F00A3 /* CamNavigationController.m in Sources */,
				9CBC8AC21A48077B006F00A3 /* CamScrollView.m in Sources */,
				9CCF5AA61A4BDF12001B9029 /* SCLocalizable.m in Sources */,
				9CBCE7281A3D7B9B00C9BD35 /* FeedViewPhotoCell.m in Sources */,
				9CCC75781A45488F00F9EE3D /* SlidingAndFadingAnimator.m in Sources */,
				9C3C48201A50715600BABAED /* AVPlayerManager.m in Sources */,
				9CBCE71F1A3CC56200C9BD35 /* MEZoomAnimationController.m in Sources */,
				9CDC97BD1A562C9F0021F9A6 /* ELCAssetsCollectionCell.m in Sources */,
				9CF88D441A3FC3F300D4E72E /* JSONValueTransformer+XS.m in Sources */,
				9CDC97B41A55CD880021F9A6 /* ELCAlbumCell.m in Sources */,
				9C3428561A455D9D0021AB2B /* PageNavigationController.m in Sources */,
				9CE4F0901A46987E005EB73C /* CommentsTextViewController.m in Sources */,
				9C34285C1A4560800021AB2B /* LikesCell.m in Sources */,
				9C4B94F01A41697900DFCC7F /* FeedViewGridPhotoCell.m in Sources */,
				9CBCE72C1A3E2A0200C9BD35 /* InstagramServices.m in Sources */,
				9CCF5AA31A4BD5F7001B9029 /* FadingInOutAnimiator.m in Sources */,
				9C4B94FC1A4292DD00DFCC7F /* FeedFlowCollectionViewController.m in Sources */,
				9CDC97B71A562C410021F9A6 /* ELCAssetsCollectionViewController.m in Sources */,
				9C0928671A40173B001340F2 /* AVPlayerView.m in Sources */,
				9CBCE71C1A3CC56200C9BD35 /* MEDynamicTransition.m in Sources */,
				9C54EF561A3A457000D16EEE /* NSPredicate+XS.m in Sources */,
				9C3428591A455F940021AB2B /* LikesViewController.m in Sources */,
				9CCF45DC1A3A5A2300FB1A94 /* UIViewController+XS.m in Sources */,
				9C02EA121A3A7A0300FA1631 /* UIView+XS.m in Sources */,
				9C54EF3C1A39EECA00D16EEE /* LoginViewController.m in Sources */,
				9CD4E32E1A4A33B50062A2F3 /* ProgressView.m in Sources */,
				9C54EF501A3A260900D16EEE /* LoginPasswordCell.m in Sources */,
				9CBCE7221A3CCFF700C9BD35 /* SettingViewController.m in Sources */,
				9C4B94FF1A4292EE00DFCC7F /* FeedGridCollectionViewController.m in Sources */,
				9C44C62A1A3C2041002CB86B /* MenuViewCell.m in Sources */,
				9C54EF4D1A3A255C00D16EEE /* LoginEmailCell.m in Sources */,
				9C54EF531A3A3B6000D16EEE /* UIScreen+XS.m in Sources */,
				9C11A45F1A45E50200A9E4CD /* CommentsViewController.m in Sources */,
				9C0774501A564D0300723971 /* ELCAssetsCollectionHeaderCell.m in Sources */,
				9C4B94F81A425FFC00DFCC7F /* FeedViewGridVideoCell.m in Sources */,
				9CBC8ABC1A477793006F00A3 /* CamViewController.m in Sources */,
				9CDC97A41A55C8D00021F9A6 /* ELCAsset.m in Sources */,
				9CBC8AB91A47777E006F00A3 /* AVCamPreviewView.m in Sources */,
				9CF19E681A53A2D300908553 /* CamCaptureViewController.m in Sources */,
				9C8A449E1A591B7F002C8CA2 /* UserProfileViewController.m in Sources */,
				9C11A4621A45E54D00A9E4CD /* CommentsCell.m in Sources */,
				9CBCE7251A3CD0B900C9BD35 /* UINavigationController+XS.m in Sources */,
				9C4B94F41A416D1B00DFCC7F /* GridLayout.m in Sources */,
				9C02EA0C1A3A706F00FA1631 /* LoadingViewController.m in Sources */,
				9CDC97A31A55C8D00021F9A6 /* ELCAlbumPickerController.m in Sources */,
				9C54EF491A39F11A00D16EEE /* XSConstants.m in Sources */,
				9CCC75771A45488F00F9EE3D /* LoadingAnimator.m in Sources */,
				9C96E4A01A52204300C5701D /* FeedPopoverContentViewController.m in Sources */,
				9C96E4B21A5221A700C5701D /* FeedPopoverContentCell.m in Sources */,
				9C7ED1231A3B89B4007AB927 /* SlidingViewController.m in Sources */,
				9CDC97831A55BDCC0021F9A6 /* AssetsPickerOverlayViewController.m in Sources */,
				9C9862FA1A39753F003D5F86 /* UIColor+XS.m in Sources */,
				9CDDDE3D1A493DFC00144DB8 /* AssetsPickerViewController.m in Sources */,
				9C8A44A21A591EA6002C8CA2 /* UserProfileToolSectionHeader.m in Sources */,
				9CBCE7321A3E2F5000C9BD35 /* Media.m in Sources */,
				9CBCE71D1A3CC56200C9BD35 /* MEFoldAnimationController.m in Sources */,
				9CF88D491A3FE6A300D4E72E /* NSDate+XS.m in Sources */,
				9C02EA0F1A3A793500FA1631 /* UIImage+XS.m in Sources */,
				9CF19E711A53CC5D00908553 /* CamCurtainViewController.m in Sources */,
				9CCF5AC81A4BE99E001B9029 /* SinkingAndSlidingAnimator.m in Sources */,
				9C7DEBB21A396E6B00A0436E /* main.m in Sources */,
				9C7ED1291A3BA13C007AB927 /* FeedViewController.m in Sources */,
				9CDDDE3A1A49373C00144DB8 /* CamFilterViewController.m in Sources */,
				9C1EE3491A4B268F007372BD /* SignUpViewController.m in Sources */,
				9C5BD0D91A4B281800B7B426 /* SignupAccountCell.m in Sources */,
				9C6B21EC1A39812D00FE8B43 /* UIFont+XS.m in Sources */,
				9CF19E6E1A53BF1800908553 /* CamCaptureOverlayViewController.m in Sources */,
			);
			runOnlyForDeploymentPostprocessing = 0;
		};
		9C7DEBC11A396E6B00A0436E /* Sources */ = {
			isa = PBXSourcesBuildPhase;
			buildActionMask = 2147483647;
			files = (
				9C7DEBCC1A396E6B00A0436E /* xsportsTests.m in Sources */,
			);
			runOnlyForDeploymentPostprocessing = 0;
		};
/* End PBXSourcesBuildPhase section */

/* Begin PBXTargetDependency section */
		9C7DEBC71A396E6B00A0436E /* PBXTargetDependency */ = {
			isa = PBXTargetDependency;
			target = 9C7DEBAB1A396E6B00A0436E /* xsports */;
			targetProxy = 9C7DEBC61A396E6B00A0436E /* PBXContainerItemProxy */;
		};
/* End PBXTargetDependency section */

/* Begin PBXVariantGroup section */
		9C7DEBB91A396E6B00A0436E /* Main.storyboard */ = {
			isa = PBXVariantGroup;
			children = (
				9C7DEBBA1A396E6B00A0436E /* Base */,
			);
			name = Main.storyboard;
			path = ../..;
			sourceTree = "<group>";
		};
		9C7DEBBE1A396E6B00A0436E /* LaunchScreen.xib */ = {
			isa = PBXVariantGroup;
			children = (
				9C7DEBBF1A396E6B00A0436E /* Base */,
			);
			name = LaunchScreen.xib;
			sourceTree = "<group>";
		};
		9CCF5AC21A4BE487001B9029 /* Localizable.strings */ = {
			isa = PBXVariantGroup;
			children = (
				9CCF5AC11A4BE487001B9029 /* Base */,
				9CCF5AC31A4BE489001B9029 /* zh-Hans */,
				9CCF5AC41A4BE48A001B9029 /* zh-Hant */,
				9CCF5AC51A4BE48B001B9029 /* en */,
			);
			name = Localizable.strings;
			sourceTree = "<group>";
		};
/* End PBXVariantGroup section */

/* Begin XCBuildConfiguration section */
		9C7DEBCD1A396E6B00A0436E /* Debug */ = {
			isa = XCBuildConfiguration;
			buildSettings = {
				ALWAYS_SEARCH_USER_PATHS = NO;
				CLANG_CXX_LANGUAGE_STANDARD = "gnu++0x";
				CLANG_CXX_LIBRARY = "libc++";
				CLANG_ENABLE_MODULES = YES;
				CLANG_ENABLE_OBJC_ARC = YES;
				CLANG_WARN_BOOL_CONVERSION = YES;
				CLANG_WARN_CONSTANT_CONVERSION = YES;
				CLANG_WARN_DIRECT_OBJC_ISA_USAGE = YES_ERROR;
				CLANG_WARN_EMPTY_BODY = YES;
				CLANG_WARN_ENUM_CONVERSION = YES;
				CLANG_WARN_INT_CONVERSION = YES;
				CLANG_WARN_OBJC_ROOT_CLASS = YES_ERROR;
				CLANG_WARN_UNREACHABLE_CODE = YES;
				CLANG_WARN__DUPLICATE_METHOD_MATCH = YES;
				"CODE_SIGN_IDENTITY[sdk=iphoneos*]" = "iPhone Developer";
				COPY_PHASE_STRIP = NO;
				ENABLE_STRICT_OBJC_MSGSEND = YES;
				GCC_C_LANGUAGE_STANDARD = gnu99;
				GCC_DYNAMIC_NO_PIC = NO;
				GCC_OPTIMIZATION_LEVEL = 0;
				GCC_PREPROCESSOR_DEFINITIONS = (
					"DEBUG=1",
					"$(inherited)",
				);
				GCC_SYMBOLS_PRIVATE_EXTERN = NO;
				GCC_WARN_64_TO_32_BIT_CONVERSION = YES;
				GCC_WARN_ABOUT_RETURN_TYPE = YES_ERROR;
				GCC_WARN_UNDECLARED_SELECTOR = YES;
				GCC_WARN_UNINITIALIZED_AUTOS = YES_AGGRESSIVE;
				GCC_WARN_UNUSED_FUNCTION = YES;
				GCC_WARN_UNUSED_VARIABLE = YES;
				IPHONEOS_DEPLOYMENT_TARGET = 8.1;
				MTL_ENABLE_DEBUG_INFO = YES;
				ONLY_ACTIVE_ARCH = YES;
				SDKROOT = iphoneos;
				TARGETED_DEVICE_FAMILY = "1,2";
			};
			name = Debug;
		};
		9C7DEBCE1A396E6B00A0436E /* Release */ = {
			isa = XCBuildConfiguration;
			buildSettings = {
				ALWAYS_SEARCH_USER_PATHS = NO;
				CLANG_CXX_LANGUAGE_STANDARD = "gnu++0x";
				CLANG_CXX_LIBRARY = "libc++";
				CLANG_ENABLE_MODULES = YES;
				CLANG_ENABLE_OBJC_ARC = YES;
				CLANG_WARN_BOOL_CONVERSION = YES;
				CLANG_WARN_CONSTANT_CONVERSION = YES;
				CLANG_WARN_DIRECT_OBJC_ISA_USAGE = YES_ERROR;
				CLANG_WARN_EMPTY_BODY = YES;
				CLANG_WARN_ENUM_CONVERSION = YES;
				CLANG_WARN_INT_CONVERSION = YES;
				CLANG_WARN_OBJC_ROOT_CLASS = YES_ERROR;
				CLANG_WARN_UNREACHABLE_CODE = YES;
				CLANG_WARN__DUPLICATE_METHOD_MATCH = YES;
				"CODE_SIGN_IDENTITY[sdk=iphoneos*]" = "iPhone Developer";
				COPY_PHASE_STRIP = YES;
				ENABLE_NS_ASSERTIONS = NO;
				ENABLE_STRICT_OBJC_MSGSEND = YES;
				GCC_C_LANGUAGE_STANDARD = gnu99;
				GCC_WARN_64_TO_32_BIT_CONVERSION = YES;
				GCC_WARN_ABOUT_RETURN_TYPE = YES_ERROR;
				GCC_WARN_UNDECLARED_SELECTOR = YES;
				GCC_WARN_UNINITIALIZED_AUTOS = YES_AGGRESSIVE;
				GCC_WARN_UNUSED_FUNCTION = YES;
				GCC_WARN_UNUSED_VARIABLE = YES;
				IPHONEOS_DEPLOYMENT_TARGET = 8.1;
				MTL_ENABLE_DEBUG_INFO = NO;
				SDKROOT = iphoneos;
				TARGETED_DEVICE_FAMILY = "1,2";
				VALIDATE_PRODUCT = YES;
			};
			name = Release;
		};
		9C7DEBD01A396E6B00A0436E /* Debug */ = {
			isa = XCBuildConfiguration;
			baseConfigurationReference = 1A4BB79BAD41A832D7723277 /* Pods-xsports.debug.xcconfig */;
			buildSettings = {
				ASSETCATALOG_COMPILER_APPICON_NAME = AppIcon;
				ASSETCATALOG_COMPILER_LAUNCHIMAGE_NAME = LaunchImage;
				CODE_SIGN_IDENTITY = "iPhone Developer";
				"CODE_SIGN_IDENTITY[sdk=iphoneos*]" = "iPhone Developer";
				GCC_PRECOMPILE_PREFIX_HEADER = YES;
				GCC_PREFIX_HEADER = "xsports/XSports-PrefixHeader.pch";
				GCC_WARN_UNDECLARED_SELECTOR = NO;
				INFOPLIST_FILE = xsports/Info.plist;
				IPHONEOS_DEPLOYMENT_TARGET = 7.1;
				LD_RUNPATH_SEARCH_PATHS = "$(inherited) @executable_path/Frameworks";
				PRODUCT_NAME = "$(TARGET_NAME)";
				PROVISIONING_PROFILE = "";
			};
			name = Debug;
		};
		9C7DEBD11A396E6B00A0436E /* Release */ = {
			isa = XCBuildConfiguration;
			baseConfigurationReference = 2D2912C89A0F0CA9CC13598C /* Pods-xsports.release.xcconfig */;
			buildSettings = {
				ASSETCATALOG_COMPILER_APPICON_NAME = AppIcon;
				ASSETCATALOG_COMPILER_LAUNCHIMAGE_NAME = LaunchImage;
				CODE_SIGN_IDENTITY = "iPhone Developer";
				"CODE_SIGN_IDENTITY[sdk=iphoneos*]" = "iPhone Developer";
				GCC_PRECOMPILE_PREFIX_HEADER = YES;
				GCC_PREFIX_HEADER = "xsports/XSports-PrefixHeader.pch";
				GCC_WARN_UNDECLARED_SELECTOR = NO;
				INFOPLIST_FILE = xsports/Info.plist;
				IPHONEOS_DEPLOYMENT_TARGET = 7.1;
				LD_RUNPATH_SEARCH_PATHS = "$(inherited) @executable_path/Frameworks";
				PRODUCT_NAME = "$(TARGET_NAME)";
				PROVISIONING_PROFILE = "";
			};
			name = Release;
		};
		9C7DEBD31A396E6B00A0436E /* Debug */ = {
			isa = XCBuildConfiguration;
			buildSettings = {
				BUNDLE_LOADER = "$(TEST_HOST)";
				FRAMEWORK_SEARCH_PATHS = (
					"$(SDKROOT)/Developer/Library/Frameworks",
					"$(inherited)",
				);
				GCC_PREPROCESSOR_DEFINITIONS = (
					"DEBUG=1",
					"$(inherited)",
				);
				INFOPLIST_FILE = xsportsTests/Info.plist;
				LD_RUNPATH_SEARCH_PATHS = "$(inherited) @executable_path/Frameworks @loader_path/Frameworks";
				PRODUCT_NAME = "$(TARGET_NAME)";
				TEST_HOST = "$(BUILT_PRODUCTS_DIR)/xsports.app/xsports";
			};
			name = Debug;
		};
		9C7DEBD41A396E6B00A0436E /* Release */ = {
			isa = XCBuildConfiguration;
			buildSettings = {
				BUNDLE_LOADER = "$(TEST_HOST)";
				FRAMEWORK_SEARCH_PATHS = (
					"$(SDKROOT)/Developer/Library/Frameworks",
					"$(inherited)",
				);
				INFOPLIST_FILE = xsportsTests/Info.plist;
				LD_RUNPATH_SEARCH_PATHS = "$(inherited) @executable_path/Frameworks @loader_path/Frameworks";
				PRODUCT_NAME = "$(TARGET_NAME)";
				TEST_HOST = "$(BUILT_PRODUCTS_DIR)/xsports.app/xsports";
			};
			name = Release;
		};
/* End XCBuildConfiguration section */

/* Begin XCConfigurationList section */
		9C7DEBA71A396E6B00A0436E /* Build configuration list for PBXProject "xsports" */ = {
			isa = XCConfigurationList;
			buildConfigurations = (
				9C7DEBCD1A396E6B00A0436E /* Debug */,
				9C7DEBCE1A396E6B00A0436E /* Release */,
			);
			defaultConfigurationIsVisible = 0;
			defaultConfigurationName = Release;
		};
		9C7DEBCF1A396E6B00A0436E /* Build configuration list for PBXNativeTarget "xsports" */ = {
			isa = XCConfigurationList;
			buildConfigurations = (
				9C7DEBD01A396E6B00A0436E /* Debug */,
				9C7DEBD11A396E6B00A0436E /* Release */,
			);
			defaultConfigurationIsVisible = 0;
			defaultConfigurationName = Release;
		};
		9C7DEBD21A396E6B00A0436E /* Build configuration list for PBXNativeTarget "xsportsTests" */ = {
			isa = XCConfigurationList;
			buildConfigurations = (
				9C7DEBD31A396E6B00A0436E /* Debug */,
				9C7DEBD41A396E6B00A0436E /* Release */,
			);
			defaultConfigurationIsVisible = 0;
			defaultConfigurationName = Release;
		};
/* End XCConfigurationList section */
	};
	rootObject = 9C7DEBA41A396E6B00A0436E /* Project object */;
}
